
Microsoft Visual Studio Solution File, Format Version 12.00
Project("{FAE04EC0-301F-11D3-BF4B-00C04F79EFBC}") = "CheckMade.Mobile.Startup", "Src\CheckMade.Mobile.Startup\CheckMade.Mobile.Startup.csproj", "{CE7EFAF9-C868-4DAF-933D-7120BF8AA7FE}"
EndProject
Project("{FAE04EC0-301F-11D3-BF4B-00C04F79EFBC}") = "CheckMade.Mobile.Android", "Src\CheckMade.Mobile.Android\CheckMade.Mobile.Android.csproj", "{A44DAC40-0F5F-45C3-8CF9-7A2287CF2EE1}"
EndProject
Project("{FAE04EC0-301F-11D3-BF4B-00C04F79EFBC}") = "CheckMade.Desktop.Startup", "Src\CheckMade.Desktop.Startup\CheckMade.Desktop.Startup.csproj", "{997AD6CD-5DB5-46E7-AB54-CA0F8226BB64}"
EndProject
Project("{FAE04EC0-301F-11D3-BF4B-00C04F79EFBC}") = "CheckMade.Mobile.iOS", "Src\CheckMade.Mobile.iOS\CheckMade.Mobile.iOS.csproj", "{F00AFF6F-2EEE-46D4-8E94-4D58B7A3551C}"
EndProject
Project("{2150E333-8FDC-42A3-9474-1A3956D46DE8}") = "_SolutionItems", "_SolutionItems", "{EC4575D6-D466-4C3F-B78C-4048E0B09498}"
	ProjectSection(SolutionItems) = preProject
		.gitignore = .gitignore
		Directory.Build.props = Directory.Build.props
		global.json = global.json
		version.txt = version.txt
		.github\workflows\fb_workflow.yml = .github\workflows\fb_workflow.yml
		.github\workflows\main_workflow.yml = .github\workflows\main_workflow.yml
		.github\workflows\parked_workflows.txt = .github\workflows\parked_workflows.txt
		.idea\.idea.CheckMade\.idea\bashsupport-pro.xml = .idea\.idea.CheckMade\.idea\bashsupport-pro.xml
	EndProjectSection
EndProject
Project("{FAE04EC0-301F-11D3-BF4B-00C04F79EFBC}") = "CheckMade.Mobile.ViewModels", "Src\CheckMade.Mobile.ViewModels\CheckMade.Mobile.ViewModels.csproj", "{F8592897-CF33-4614-97B2-C0E16D406D3A}"
EndProject
Project("{FAE04EC0-301F-11D3-BF4B-00C04F79EFBC}") = "CheckMade.Mobile.Views", "Src\CheckMade.Mobile.Views\CheckMade.Mobile.Views.csproj", "{6CDFC990-05B6-43A4-B5A6-15B4524BA6F8}"
EndProject
Project("{FAE04EC0-301F-11D3-BF4B-00C04F79EFBC}") = "CheckMade.Desktop.Views", "Src\CheckMade.Desktop.Views\CheckMade.Desktop.Views.csproj", "{B52607A2-9E5F-436E-81A3-7999BE2DABBF}"
EndProject
Project("{FAE04EC0-301F-11D3-BF4B-00C04F79EFBC}") = "CheckMade.Desktop.ViewModels", "Src\CheckMade.Desktop.ViewModels\CheckMade.Desktop.ViewModels.csproj", "{012B9519-33F7-4AE1-A604-2CA3E54423CE}"
EndProject
Project("{FAE04EC0-301F-11D3-BF4B-00C04F79EFBC}") = "CheckMade.Telegram.Function", "Src\CheckMade.Telegram.Function\CheckMade.Telegram.Function.csproj", "{575C0F42-CB8A-4531-9150-20B7EE460676}"
EndProject
Project("{FAE04EC0-301F-11D3-BF4B-00C04F79EFBC}") = "CheckMade.Telegram.Tests", "Src\CheckMade.Telegram.Tests\CheckMade.Telegram.Tests.csproj", "{E11437BF-47AE-4FFB-9AED-1601007BC72D}"
EndProject
Project("{FAE04EC0-301F-11D3-BF4B-00C04F79EFBC}") = "CheckMade.Telegram.Logic", "Src\CheckMade.Telegram.Logic\CheckMade.Telegram.Logic.csproj", "{FE8ED1AC-7BC5-49B9-A7E4-C21560A531BC}"
EndProject
Project("{FAE04EC0-301F-11D3-BF4B-00C04F79EFBC}") = "CheckMade.Common.Interfaces", "Src\CheckMade.Common.Interfaces\CheckMade.Common.Interfaces.csproj", "{61FF73DE-7C40-48E7-829F-424061B0E534}"
EndProject
Project("{2150E333-8FDC-42A3-9474-1A3956D46DE8}") = "Desktop", "Desktop", "{D26C28AE-E35F-46D7-91A0-6DC183FAA6C6}"
EndProject
Project("{2150E333-8FDC-42A3-9474-1A3956D46DE8}") = "Mobile", "Mobile", "{7838250D-F1E8-4131-8371-30C5344F52CE}"
EndProject
Project("{2150E333-8FDC-42A3-9474-1A3956D46DE8}") = "Common", "Common", "{E5835236-896A-4576-8A1F-EBF20213872E}"
EndProject
Project("{2150E333-8FDC-42A3-9474-1A3956D46DE8}") = "Telegram", "Telegram", "{442F01A3-80F3-4BE3-8D51-4E4505216822}"
EndProject
Project("{FAE04EC0-301F-11D3-BF4B-00C04F79EFBC}") = "CheckMade.Desktop.Tests", "Src\CheckMade.Desktop.Tests\CheckMade.Desktop.Tests.csproj", "{C2DB3D18-E5D2-4298-A50D-5FB0D7E18E13}"
EndProject
Project("{FAE04EC0-301F-11D3-BF4B-00C04F79EFBC}") = "CheckMade.Mobile.Tests", "Src\CheckMade.Mobile.Tests\CheckMade.Mobile.Tests.csproj", "{D730F243-59DC-4A45-8E02-D580A041CF67}"
EndProject
Project("{FAE04EC0-301F-11D3-BF4B-00C04F79EFBC}") = "CheckMade.Common.Persistence", "Src\CheckMade.Common.Persistence\CheckMade.Common.Persistence.csproj", "{B5FF670E-F6EA-418D-A1AB-46726997181D}"
EndProject
Project("{FAE04EC0-301F-11D3-BF4B-00C04F79EFBC}") = "CheckMade.DevOps", "Src\CheckMade.DevOps\CheckMade.DevOps.csproj", "{5A64BC73-A68D-431C-8703-940F8B3A0F00}"
EndProject
Project("{FAE04EC0-301F-11D3-BF4B-00C04F79EFBC}") = "CheckMade.Telegram.Interfaces", "Src\CheckMade.Telegram.Interfaces\CheckMade.Telegram.Interfaces.csproj", "{396D514B-CD3E-4E86-989A-F4E82E991C6B}"
EndProject
Project("{FAE04EC0-301F-11D3-BF4B-00C04F79EFBC}") = "CheckMade.Telegram.Persistence", "Src\CheckMade.Telegram.Persistence\CheckMade.Telegram.Persistence.csproj", "{94CF483B-D5CB-497A-A2EE-ECB2A9CAF920}"
EndProject
Project("{FAE04EC0-301F-11D3-BF4B-00C04F79EFBC}") = "CheckMade.Telegram.Model", "Src\CheckMade.Telegram.Model\CheckMade.Telegram.Model.csproj", "{8237548D-C052-4C9C-9BC3-1FC27EB86A47}"
EndProject
Project("{FAE04EC0-301F-11D3-BF4B-00C04F79EFBC}") = "CheckMade.Common.Model", "Src\CheckMade.Common.Model\CheckMade.Common.Model.csproj", "{4BD79FDC-EC3E-4ED4-905F-70D32E52619F}"
EndProject
Project("{FAE04EC0-301F-11D3-BF4B-00C04F79EFBC}") = "CheckMade.Common.Utils", "Src\CheckMade.Common.Utils\CheckMade.Common.Utils.csproj", "{8FABE16E-9692-46A8-9254-B414F6EA34AB}"
EndProject
Project("{FAE04EC0-301F-11D3-BF4B-00C04F79EFBC}") = "CheckMade.Common.LanguageExtensions", "Src\CheckMade.Common.LanguageExtensions\CheckMade.Common.LanguageExtensions.csproj", "{77CE18B0-ACE6-44BE-BB4D-2A2F73706630}"
EndProject
Global
	GlobalSection(SolutionConfigurationPlatforms) = preSolution
		Debug_Non_iOS|Any CPU = Debug_Non_iOS|Any CPU
		Debug_iOS|Any CPU = Debug_iOS|Any CPU
		Debug_BackendOnly|Any CPU = Debug_BackendOnly|Any CPU
		Debug_Desktop|Any CPU = Debug_Desktop|Any CPU
		Debug_All|Any CPU = Debug_All|Any CPU
		No_Build|Any CPU = No_Build|Any CPU
		Release|Any CPU = Release|Any CPU
		Debug_Telegram|Any CPU = Debug_Telegram|Any CPU
	EndGlobalSection
	GlobalSection(ProjectConfigurationPlatforms) = postSolution
		{CE7EFAF9-C868-4DAF-933D-7120BF8AA7FE}.Debug_Non_iOS|Any CPU.ActiveCfg = Debug_Non_iOS|Any CPU
		{CE7EFAF9-C868-4DAF-933D-7120BF8AA7FE}.Debug_Non_iOS|Any CPU.Build.0 = Debug_Non_iOS|Any CPU
		{CE7EFAF9-C868-4DAF-933D-7120BF8AA7FE}.Debug_iOS|Any CPU.ActiveCfg = Debug_iOS|Any CPU
		{CE7EFAF9-C868-4DAF-933D-7120BF8AA7FE}.Debug_iOS|Any CPU.Build.0 = Debug_iOS|Any CPU
		{CE7EFAF9-C868-4DAF-933D-7120BF8AA7FE}.Debug_All|Any CPU.ActiveCfg = Debug_All|Any CPU
		{CE7EFAF9-C868-4DAF-933D-7120BF8AA7FE}.Debug_All|Any CPU.Build.0 = Debug_All|Any CPU
		{CE7EFAF9-C868-4DAF-933D-7120BF8AA7FE}.No_Build|Any CPU.ActiveCfg = No_Build|Any CPU
		{CE7EFAF9-C868-4DAF-933D-7120BF8AA7FE}.Debug_Desktop|Any CPU.ActiveCfg = No_Build|Any CPU
		{CE7EFAF9-C868-4DAF-933D-7120BF8AA7FE}.Debug_BackendOnly|Any CPU.ActiveCfg = No_Build|Any CPU
		{CE7EFAF9-C868-4DAF-933D-7120BF8AA7FE}.Release|Any CPU.ActiveCfg = Release|Any CPU
		{CE7EFAF9-C868-4DAF-933D-7120BF8AA7FE}.Release|Any CPU.Build.0 = Release|Any CPU
		{CE7EFAF9-C868-4DAF-933D-7120BF8AA7FE}.Debug_Telegram|Any CPU.ActiveCfg = No_Build|Any CPU
		{A44DAC40-0F5F-45C3-8CF9-7A2287CF2EE1}.Debug_Non_iOS|Any CPU.ActiveCfg = Debug_Non_iOS|Any CPU
		{A44DAC40-0F5F-45C3-8CF9-7A2287CF2EE1}.Debug_Non_iOS|Any CPU.Build.0 = Debug_Non_iOS|Any CPU
		{A44DAC40-0F5F-45C3-8CF9-7A2287CF2EE1}.Debug_All|Any CPU.ActiveCfg = Debug_All|Any CPU
		{A44DAC40-0F5F-45C3-8CF9-7A2287CF2EE1}.Debug_All|Any CPU.Build.0 = Debug_All|Any CPU
		{A44DAC40-0F5F-45C3-8CF9-7A2287CF2EE1}.No_Build|Any CPU.ActiveCfg = No_Build|Any CPU
		{A44DAC40-0F5F-45C3-8CF9-7A2287CF2EE1}.Debug_BackendOnly|Any CPU.ActiveCfg = No_Build|Any CPU
		{A44DAC40-0F5F-45C3-8CF9-7A2287CF2EE1}.Debug_Desktop|Any CPU.ActiveCfg = No_Build|Any CPU
		{A44DAC40-0F5F-45C3-8CF9-7A2287CF2EE1}.Debug_iOS|Any CPU.ActiveCfg = No_Build|Any CPU
		{A44DAC40-0F5F-45C3-8CF9-7A2287CF2EE1}.Release|Any CPU.ActiveCfg = Release|Any CPU
		{A44DAC40-0F5F-45C3-8CF9-7A2287CF2EE1}.Release|Any CPU.Build.0 = Release|Any CPU
		{A44DAC40-0F5F-45C3-8CF9-7A2287CF2EE1}.Release|Any CPU.Deploy.0 = Release|Any CPU
		{A44DAC40-0F5F-45C3-8CF9-7A2287CF2EE1}.Debug_Telegram|Any CPU.ActiveCfg = No_Build|Any CPU
		{997AD6CD-5DB5-46E7-AB54-CA0F8226BB64}.Debug_Non_iOS|Any CPU.ActiveCfg = Debug_Non_iOS|Any CPU
		{997AD6CD-5DB5-46E7-AB54-CA0F8226BB64}.Debug_Non_iOS|Any CPU.Build.0 = Debug_Non_iOS|Any CPU
		{997AD6CD-5DB5-46E7-AB54-CA0F8226BB64}.Debug_Desktop|Any CPU.ActiveCfg = Debug_Desktop|Any CPU
		{997AD6CD-5DB5-46E7-AB54-CA0F8226BB64}.Debug_Desktop|Any CPU.Build.0 = Debug_Desktop|Any CPU
		{997AD6CD-5DB5-46E7-AB54-CA0F8226BB64}.Debug_All|Any CPU.ActiveCfg = Debug_All|Any CPU
		{997AD6CD-5DB5-46E7-AB54-CA0F8226BB64}.Debug_All|Any CPU.Build.0 = Debug_All|Any CPU
		{997AD6CD-5DB5-46E7-AB54-CA0F8226BB64}.No_Build|Any CPU.ActiveCfg = No_Build|Any CPU
		{997AD6CD-5DB5-46E7-AB54-CA0F8226BB64}.Debug_BackendOnly|Any CPU.ActiveCfg = No_Build|Any CPU
		{997AD6CD-5DB5-46E7-AB54-CA0F8226BB64}.Debug_iOS|Any CPU.ActiveCfg = No_Build|Any CPU
		{997AD6CD-5DB5-46E7-AB54-CA0F8226BB64}.Release|Any CPU.ActiveCfg = Release|Any CPU
		{997AD6CD-5DB5-46E7-AB54-CA0F8226BB64}.Release|Any CPU.Build.0 = Release|Any CPU
		{997AD6CD-5DB5-46E7-AB54-CA0F8226BB64}.Release|Any CPU.Deploy.0 = Release|Any CPU
		{997AD6CD-5DB5-46E7-AB54-CA0F8226BB64}.Debug_Telegram|Any CPU.ActiveCfg = No_Build|Any CPU
		{F00AFF6F-2EEE-46D4-8E94-4D58B7A3551C}.Debug_iOS|Any CPU.ActiveCfg = Debug_iOS|Any CPU
		{F00AFF6F-2EEE-46D4-8E94-4D58B7A3551C}.Debug_iOS|Any CPU.Build.0 = Debug_iOS|Any CPU
		{F00AFF6F-2EEE-46D4-8E94-4D58B7A3551C}.Debug_All|Any CPU.ActiveCfg = Debug_All|Any CPU
		{F00AFF6F-2EEE-46D4-8E94-4D58B7A3551C}.Debug_All|Any CPU.Build.0 = Debug_All|Any CPU
		{F00AFF6F-2EEE-46D4-8E94-4D58B7A3551C}.No_Build|Any CPU.ActiveCfg = No_Build|Any CPU
		{F00AFF6F-2EEE-46D4-8E94-4D58B7A3551C}.Debug_BackendOnly|Any CPU.ActiveCfg = No_Build|Any CPU
		{F00AFF6F-2EEE-46D4-8E94-4D58B7A3551C}.Debug_Desktop|Any CPU.ActiveCfg = No_Build|Any CPU
		{F00AFF6F-2EEE-46D4-8E94-4D58B7A3551C}.Debug_Non_iOS|Any CPU.ActiveCfg = No_Build|Any CPU
		{F00AFF6F-2EEE-46D4-8E94-4D58B7A3551C}.Release|Any CPU.ActiveCfg = Release|Any CPU
		{F00AFF6F-2EEE-46D4-8E94-4D58B7A3551C}.Release|Any CPU.Build.0 = Release|Any CPU
		{F00AFF6F-2EEE-46D4-8E94-4D58B7A3551C}.Release|Any CPU.Deploy.0 = Release|Any CPU
		{F00AFF6F-2EEE-46D4-8E94-4D58B7A3551C}.Debug_Telegram|Any CPU.ActiveCfg = No_Build|Any CPU
		{F8592897-CF33-4614-97B2-C0E16D406D3A}.Debug_All|Any CPU.ActiveCfg = Debug_All|Any CPU
		{F8592897-CF33-4614-97B2-C0E16D406D3A}.Debug_All|Any CPU.Build.0 = Debug_All|Any CPU
		{F8592897-CF33-4614-97B2-C0E16D406D3A}.Debug_BackendOnly|Any CPU.ActiveCfg = Debug_BackendOnly|Any CPU
		{F8592897-CF33-4614-97B2-C0E16D406D3A}.Debug_BackendOnly|Any CPU.Build.0 = Debug_BackendOnly|Any CPU
		{F8592897-CF33-4614-97B2-C0E16D406D3A}.Debug_iOS|Any CPU.ActiveCfg = Debug_iOS|Any CPU
		{F8592897-CF33-4614-97B2-C0E16D406D3A}.Debug_iOS|Any CPU.Build.0 = Debug_iOS|Any CPU
		{F8592897-CF33-4614-97B2-C0E16D406D3A}.Debug_Non_iOS|Any CPU.ActiveCfg = Debug_Non_iOS|Any CPU
		{F8592897-CF33-4614-97B2-C0E16D406D3A}.Debug_Non_iOS|Any CPU.Build.0 = Debug_Non_iOS|Any CPU
		{F8592897-CF33-4614-97B2-C0E16D406D3A}.No_Build|Any CPU.ActiveCfg = No_Build|Any CPU
		{F8592897-CF33-4614-97B2-C0E16D406D3A}.Debug_Desktop|Any CPU.ActiveCfg = No_Build|Any CPU
		{F8592897-CF33-4614-97B2-C0E16D406D3A}.Release|Any CPU.ActiveCfg = Release|Any CPU
		{F8592897-CF33-4614-97B2-C0E16D406D3A}.Release|Any CPU.Build.0 = Release|Any CPU
		{F8592897-CF33-4614-97B2-C0E16D406D3A}.Debug_Telegram|Any CPU.ActiveCfg = No_Build|Any CPU
		{6CDFC990-05B6-43A4-B5A6-15B4524BA6F8}.Debug_All|Any CPU.ActiveCfg = Debug_All|Any CPU
		{6CDFC990-05B6-43A4-B5A6-15B4524BA6F8}.Debug_All|Any CPU.Build.0 = Debug_All|Any CPU
		{6CDFC990-05B6-43A4-B5A6-15B4524BA6F8}.Debug_iOS|Any CPU.ActiveCfg = Debug_iOS|Any CPU
		{6CDFC990-05B6-43A4-B5A6-15B4524BA6F8}.Debug_iOS|Any CPU.Build.0 = Debug_iOS|Any CPU
		{6CDFC990-05B6-43A4-B5A6-15B4524BA6F8}.Debug_Non_iOS|Any CPU.ActiveCfg = Debug_Non_iOS|Any CPU
		{6CDFC990-05B6-43A4-B5A6-15B4524BA6F8}.Debug_Non_iOS|Any CPU.Build.0 = Debug_Non_iOS|Any CPU
		{6CDFC990-05B6-43A4-B5A6-15B4524BA6F8}.No_Build|Any CPU.ActiveCfg = No_Build|Any CPU
		{6CDFC990-05B6-43A4-B5A6-15B4524BA6F8}.Debug_BackendOnly|Any CPU.ActiveCfg = No_Build|Any CPU
		{6CDFC990-05B6-43A4-B5A6-15B4524BA6F8}.Debug_Desktop|Any CPU.ActiveCfg = No_Build|Any CPU
		{6CDFC990-05B6-43A4-B5A6-15B4524BA6F8}.Release|Any CPU.ActiveCfg = Release|Any CPU
		{6CDFC990-05B6-43A4-B5A6-15B4524BA6F8}.Release|Any CPU.Build.0 = Release|Any CPU
		{6CDFC990-05B6-43A4-B5A6-15B4524BA6F8}.Debug_Telegram|Any CPU.ActiveCfg = No_Build|Any CPU
		{B52607A2-9E5F-436E-81A3-7999BE2DABBF}.Debug_Desktop|Any CPU.ActiveCfg = Debug_Desktop|Any CPU
		{B52607A2-9E5F-436E-81A3-7999BE2DABBF}.Debug_Desktop|Any CPU.Build.0 = Debug_Desktop|Any CPU
		{B52607A2-9E5F-436E-81A3-7999BE2DABBF}.Debug_All|Any CPU.ActiveCfg = Debug_All|Any CPU
		{B52607A2-9E5F-436E-81A3-7999BE2DABBF}.Debug_All|Any CPU.Build.0 = Debug_All|Any CPU
		{B52607A2-9E5F-436E-81A3-7999BE2DABBF}.Debug_Non_iOS|Any CPU.ActiveCfg = Debug_Non_iOS|Any CPU
		{B52607A2-9E5F-436E-81A3-7999BE2DABBF}.Debug_Non_iOS|Any CPU.Build.0 = Debug_Non_iOS|Any CPU
		{B52607A2-9E5F-436E-81A3-7999BE2DABBF}.No_Build|Any CPU.ActiveCfg = No_Build|Any CPU
		{B52607A2-9E5F-436E-81A3-7999BE2DABBF}.Debug_BackendOnly|Any CPU.ActiveCfg = No_Build|Any CPU
		{B52607A2-9E5F-436E-81A3-7999BE2DABBF}.Debug_iOS|Any CPU.ActiveCfg = No_Build|Any CPU
		{B52607A2-9E5F-436E-81A3-7999BE2DABBF}.Release|Any CPU.ActiveCfg = Release|Any CPU
		{B52607A2-9E5F-436E-81A3-7999BE2DABBF}.Release|Any CPU.Build.0 = Release|Any CPU
		{B52607A2-9E5F-436E-81A3-7999BE2DABBF}.Debug_Telegram|Any CPU.ActiveCfg = No_Build|Any CPU
		{012B9519-33F7-4AE1-A604-2CA3E54423CE}.Debug_Desktop|Any CPU.ActiveCfg = Debug_Desktop|Any CPU
		{012B9519-33F7-4AE1-A604-2CA3E54423CE}.Debug_Desktop|Any CPU.Build.0 = Debug_Desktop|Any CPU
		{012B9519-33F7-4AE1-A604-2CA3E54423CE}.Debug_All|Any CPU.ActiveCfg = Debug_All|Any CPU
		{012B9519-33F7-4AE1-A604-2CA3E54423CE}.Debug_All|Any CPU.Build.0 = Debug_All|Any CPU
		{012B9519-33F7-4AE1-A604-2CA3E54423CE}.Debug_BackendOnly|Any CPU.ActiveCfg = Debug_BackendOnly|Any CPU
		{012B9519-33F7-4AE1-A604-2CA3E54423CE}.Debug_BackendOnly|Any CPU.Build.0 = Debug_BackendOnly|Any CPU
		{012B9519-33F7-4AE1-A604-2CA3E54423CE}.Debug_Non_iOS|Any CPU.ActiveCfg = Debug_Non_iOS|Any CPU
		{012B9519-33F7-4AE1-A604-2CA3E54423CE}.Debug_Non_iOS|Any CPU.Build.0 = Debug_Non_iOS|Any CPU
		{012B9519-33F7-4AE1-A604-2CA3E54423CE}.No_Build|Any CPU.ActiveCfg = No_Build|Any CPU
		{012B9519-33F7-4AE1-A604-2CA3E54423CE}.Debug_iOS|Any CPU.ActiveCfg = No_Build|Any CPU
		{012B9519-33F7-4AE1-A604-2CA3E54423CE}.Release|Any CPU.ActiveCfg = Release|Any CPU
		{012B9519-33F7-4AE1-A604-2CA3E54423CE}.Release|Any CPU.Build.0 = Release|Any CPU
		{012B9519-33F7-4AE1-A604-2CA3E54423CE}.Debug_Telegram|Any CPU.ActiveCfg = No_Build|Any CPU
		{575C0F42-CB8A-4531-9150-20B7EE460676}.Debug_All|Any CPU.ActiveCfg = Debug_All|Any CPU
		{575C0F42-CB8A-4531-9150-20B7EE460676}.Debug_All|Any CPU.Build.0 = Debug_All|Any CPU
		{575C0F42-CB8A-4531-9150-20B7EE460676}.Debug_Non_iOS|Any CPU.ActiveCfg = Debug_Non_iOS|Any CPU
		{575C0F42-CB8A-4531-9150-20B7EE460676}.Debug_Non_iOS|Any CPU.Build.0 = Debug_Non_iOS|Any CPU
		{575C0F42-CB8A-4531-9150-20B7EE460676}.No_Build|Any CPU.ActiveCfg = No_Build|Any CPU
		{575C0F42-CB8A-4531-9150-20B7EE460676}.Debug_BackendOnly|Any CPU.ActiveCfg = No_Build|Any CPU
		{575C0F42-CB8A-4531-9150-20B7EE460676}.Debug_Desktop|Any CPU.ActiveCfg = No_Build|Any CPU
		{575C0F42-CB8A-4531-9150-20B7EE460676}.Debug_iOS|Any CPU.ActiveCfg = No_Build|Any CPU
		{575C0F42-CB8A-4531-9150-20B7EE460676}.Release|Any CPU.ActiveCfg = Release|Any CPU
		{575C0F42-CB8A-4531-9150-20B7EE460676}.Release|Any CPU.Build.0 = Release|Any CPU
		{575C0F42-CB8A-4531-9150-20B7EE460676}.Release|Any CPU.Deploy.0 = Release|Any CPU
		{575C0F42-CB8A-4531-9150-20B7EE460676}.Debug_Telegram|Any CPU.ActiveCfg = Debug_Telegram|Any CPU
		{575C0F42-CB8A-4531-9150-20B7EE460676}.Debug_Telegram|Any CPU.Build.0 = Debug_Telegram|Any CPU
		{E11437BF-47AE-4FFB-9AED-1601007BC72D}.Debug_All|Any CPU.ActiveCfg = Debug_All|Any CPU
		{E11437BF-47AE-4FFB-9AED-1601007BC72D}.Debug_All|Any CPU.Build.0 = Debug_All|Any CPU
		{E11437BF-47AE-4FFB-9AED-1601007BC72D}.Debug_Non_iOS|Any CPU.ActiveCfg = Debug_Non_iOS|Any CPU
		{E11437BF-47AE-4FFB-9AED-1601007BC72D}.Debug_Non_iOS|Any CPU.Build.0 = Debug_Non_iOS|Any CPU
		{E11437BF-47AE-4FFB-9AED-1601007BC72D}.No_Build|Any CPU.ActiveCfg = No_Build|Any CPU
		{E11437BF-47AE-4FFB-9AED-1601007BC72D}.Debug_Desktop|Any CPU.ActiveCfg = No_Build|Any CPU
		{E11437BF-47AE-4FFB-9AED-1601007BC72D}.Debug_iOS|Any CPU.ActiveCfg = No_Build|Any CPU
		{E11437BF-47AE-4FFB-9AED-1601007BC72D}.Debug_BackendOnly|Any CPU.ActiveCfg = No_Build|Any CPU
		{E11437BF-47AE-4FFB-9AED-1601007BC72D}.Release|Any CPU.ActiveCfg = Release|Any CPU
		{E11437BF-47AE-4FFB-9AED-1601007BC72D}.Release|Any CPU.Build.0 = Release|Any CPU
		{E11437BF-47AE-4FFB-9AED-1601007BC72D}.Debug_Telegram|Any CPU.ActiveCfg = Debug_Telegram|Any CPU
		{E11437BF-47AE-4FFB-9AED-1601007BC72D}.Debug_Telegram|Any CPU.Build.0 = Debug_Telegram|Any CPU
		{FE8ED1AC-7BC5-49B9-A7E4-C21560A531BC}.Debug_All|Any CPU.ActiveCfg = Debug_All|Any CPU
		{FE8ED1AC-7BC5-49B9-A7E4-C21560A531BC}.Debug_All|Any CPU.Build.0 = Debug_All|Any CPU
		{FE8ED1AC-7BC5-49B9-A7E4-C21560A531BC}.Debug_BackendOnly|Any CPU.ActiveCfg = Debug_Backend_Only|Any CPU
		{FE8ED1AC-7BC5-49B9-A7E4-C21560A531BC}.Debug_BackendOnly|Any CPU.Build.0 = Debug_Backend_Only|Any CPU
		{FE8ED1AC-7BC5-49B9-A7E4-C21560A531BC}.Debug_Desktop|Any CPU.ActiveCfg = No_Build|Any CPU
		{FE8ED1AC-7BC5-49B9-A7E4-C21560A531BC}.Debug_iOS|Any CPU.ActiveCfg = No_Build|Any CPU
		{FE8ED1AC-7BC5-49B9-A7E4-C21560A531BC}.Debug_Non_iOS|Any CPU.ActiveCfg = Debug_Non_iOS|Any CPU
		{FE8ED1AC-7BC5-49B9-A7E4-C21560A531BC}.Debug_Non_iOS|Any CPU.Build.0 = Debug_Non_iOS|Any CPU
		{FE8ED1AC-7BC5-49B9-A7E4-C21560A531BC}.No_Build|Any CPU.ActiveCfg = No_Build|Any CPU
		{FE8ED1AC-7BC5-49B9-A7E4-C21560A531BC}.Release|Any CPU.ActiveCfg = Release|Any CPU
		{FE8ED1AC-7BC5-49B9-A7E4-C21560A531BC}.Release|Any CPU.Build.0 = Release|Any CPU
		{FE8ED1AC-7BC5-49B9-A7E4-C21560A531BC}.Debug_Telegram|Any CPU.ActiveCfg = Debug_Telegram|Any CPU
		{FE8ED1AC-7BC5-49B9-A7E4-C21560A531BC}.Debug_Telegram|Any CPU.Build.0 = Debug_Telegram|Any CPU
		{61FF73DE-7C40-48E7-829F-424061B0E534}.Debug_All|Any CPU.ActiveCfg = Debug_All|Any CPU
		{61FF73DE-7C40-48E7-829F-424061B0E534}.Debug_All|Any CPU.Build.0 = Debug_All|Any CPU
		{61FF73DE-7C40-48E7-829F-424061B0E534}.Debug_BackendOnly|Any CPU.ActiveCfg = Debug_Backend_Only|Any CPU
		{61FF73DE-7C40-48E7-829F-424061B0E534}.Debug_BackendOnly|Any CPU.Build.0 = Debug_Backend_Only|Any CPU
		{61FF73DE-7C40-48E7-829F-424061B0E534}.Debug_Desktop|Any CPU.ActiveCfg = Debug_Desktop|Any CPU
		{61FF73DE-7C40-48E7-829F-424061B0E534}.Debug_Desktop|Any CPU.Build.0 = Debug_Desktop|Any CPU
		{61FF73DE-7C40-48E7-829F-424061B0E534}.Debug_iOS|Any CPU.ActiveCfg = Debug_iOS|Any CPU
		{61FF73DE-7C40-48E7-829F-424061B0E534}.Debug_iOS|Any CPU.Build.0 = Debug_iOS|Any CPU
		{61FF73DE-7C40-48E7-829F-424061B0E534}.Debug_Non_iOS|Any CPU.ActiveCfg = Debug_Non_iOS|Any CPU
		{61FF73DE-7C40-48E7-829F-424061B0E534}.Debug_Non_iOS|Any CPU.Build.0 = Debug_Non_iOS|Any CPU
		{61FF73DE-7C40-48E7-829F-424061B0E534}.No_Build|Any CPU.ActiveCfg = No_Build|Any CPU
		{61FF73DE-7C40-48E7-829F-424061B0E534}.Release|Any CPU.ActiveCfg = Release|Any CPU
		{61FF73DE-7C40-48E7-829F-424061B0E534}.Release|Any CPU.Build.0 = Release|Any CPU
		{61FF73DE-7C40-48E7-829F-424061B0E534}.Debug_Telegram|Any CPU.ActiveCfg = Debug_Telegram|Any CPU
		{61FF73DE-7C40-48E7-829F-424061B0E534}.Debug_Telegram|Any CPU.Build.0 = Debug_Telegram|Any CPU
		{C2DB3D18-E5D2-4298-A50D-5FB0D7E18E13}.Debug_All|Any CPU.ActiveCfg = Debug_All|Any CPU
		{C2DB3D18-E5D2-4298-A50D-5FB0D7E18E13}.Debug_All|Any CPU.Build.0 = Debug_All|Any CPU
		{C2DB3D18-E5D2-4298-A50D-5FB0D7E18E13}.Debug_Desktop|Any CPU.ActiveCfg = Debug_Desktop|Any CPU
		{C2DB3D18-E5D2-4298-A50D-5FB0D7E18E13}.Debug_Desktop|Any CPU.Build.0 = Debug_Desktop|Any CPU
		{C2DB3D18-E5D2-4298-A50D-5FB0D7E18E13}.Debug_iOS|Any CPU.ActiveCfg = No_Build|Any CPU
		{C2DB3D18-E5D2-4298-A50D-5FB0D7E18E13}.Debug_Non_iOS|Any CPU.ActiveCfg = Debug_Non_iOS|Any CPU
		{C2DB3D18-E5D2-4298-A50D-5FB0D7E18E13}.Debug_Non_iOS|Any CPU.Build.0 = Debug_Non_iOS|Any CPU
		{C2DB3D18-E5D2-4298-A50D-5FB0D7E18E13}.No_Build|Any CPU.ActiveCfg = No_Build|Any CPU
		{C2DB3D18-E5D2-4298-A50D-5FB0D7E18E13}.Debug_BackendOnly|Any CPU.ActiveCfg = No_Build|Any CPU
		{C2DB3D18-E5D2-4298-A50D-5FB0D7E18E13}.Release|Any CPU.ActiveCfg = Release|Any CPU
		{C2DB3D18-E5D2-4298-A50D-5FB0D7E18E13}.Release|Any CPU.Build.0 = Release|Any CPU
		{C2DB3D18-E5D2-4298-A50D-5FB0D7E18E13}.Debug_Telegram|Any CPU.ActiveCfg = No_Build|Any CPU
		{D730F243-59DC-4A45-8E02-D580A041CF67}.Debug_All|Any CPU.ActiveCfg = Debug_All|Any CPU
		{D730F243-59DC-4A45-8E02-D580A041CF67}.Debug_All|Any CPU.Build.0 = Debug_All|Any CPU
		{D730F243-59DC-4A45-8E02-D580A041CF67}.Debug_Desktop|Any CPU.ActiveCfg = No_Build|Any CPU
		{D730F243-59DC-4A45-8E02-D580A041CF67}.Debug_iOS|Any CPU.ActiveCfg = Debug_iOS|Any CPU
		{D730F243-59DC-4A45-8E02-D580A041CF67}.Debug_iOS|Any CPU.Build.0 = Debug_iOS|Any CPU
		{D730F243-59DC-4A45-8E02-D580A041CF67}.Debug_Non_iOS|Any CPU.ActiveCfg = Debug_Non_iOS|Any CPU
		{D730F243-59DC-4A45-8E02-D580A041CF67}.Debug_Non_iOS|Any CPU.Build.0 = Debug_Non_iOS|Any CPU
		{D730F243-59DC-4A45-8E02-D580A041CF67}.No_Build|Any CPU.ActiveCfg = No_Build|Any CPU
		{D730F243-59DC-4A45-8E02-D580A041CF67}.Debug_BackendOnly|Any CPU.ActiveCfg = No_Build|Any CPU
		{D730F243-59DC-4A45-8E02-D580A041CF67}.Release|Any CPU.ActiveCfg = Release|Any CPU
		{D730F243-59DC-4A45-8E02-D580A041CF67}.Release|Any CPU.Build.0 = Release|Any CPU
		{D730F243-59DC-4A45-8E02-D580A041CF67}.Debug_Telegram|Any CPU.ActiveCfg = No_Build|Any CPU
		{B5FF670E-F6EA-418D-A1AB-46726997181D}.Release|Any CPU.ActiveCfg = Release|Any CPU
		{B5FF670E-F6EA-418D-A1AB-46726997181D}.Release|Any CPU.Build.0 = Release|Any CPU
		{B5FF670E-F6EA-418D-A1AB-46726997181D}.Debug_All|Any CPU.ActiveCfg = Debug_All|Any CPU
		{B5FF670E-F6EA-418D-A1AB-46726997181D}.Debug_All|Any CPU.Build.0 = Debug_All|Any CPU
		{B5FF670E-F6EA-418D-A1AB-46726997181D}.Debug_BackendOnly|Any CPU.ActiveCfg = Debug_Backend_Only|Any CPU
		{B5FF670E-F6EA-418D-A1AB-46726997181D}.Debug_BackendOnly|Any CPU.Build.0 = Debug_Backend_Only|Any CPU
		{B5FF670E-F6EA-418D-A1AB-46726997181D}.Debug_Desktop|Any CPU.ActiveCfg = Debug_Desktop|Any CPU
		{B5FF670E-F6EA-418D-A1AB-46726997181D}.Debug_Desktop|Any CPU.Build.0 = Debug_Desktop|Any CPU
		{B5FF670E-F6EA-418D-A1AB-46726997181D}.Debug_iOS|Any CPU.ActiveCfg = Debug_iOS|Any CPU
		{B5FF670E-F6EA-418D-A1AB-46726997181D}.Debug_iOS|Any CPU.Build.0 = Debug_iOS|Any CPU
		{B5FF670E-F6EA-418D-A1AB-46726997181D}.Debug_Non_iOS|Any CPU.ActiveCfg = Debug_Non_iOS|Any CPU
		{B5FF670E-F6EA-418D-A1AB-46726997181D}.Debug_Non_iOS|Any CPU.Build.0 = Debug_Non_iOS|Any CPU
		{B5FF670E-F6EA-418D-A1AB-46726997181D}.No_Build|Any CPU.ActiveCfg = No_Build|Any CPU
		{B5FF670E-F6EA-418D-A1AB-46726997181D}.Debug_Telegram|Any CPU.ActiveCfg = Debug_Telegram|Any CPU
		{B5FF670E-F6EA-418D-A1AB-46726997181D}.Debug_Telegram|Any CPU.Build.0 = Debug_Telegram|Any CPU
		{5A64BC73-A68D-431C-8703-940F8B3A0F00}.Debug_All|Any CPU.ActiveCfg = Debug_All|Any CPU
		{5A64BC73-A68D-431C-8703-940F8B3A0F00}.Debug_All|Any CPU.Build.0 = Debug_All|Any CPU
		{5A64BC73-A68D-431C-8703-940F8B3A0F00}.Debug_BackendOnly|Any CPU.ActiveCfg = Debug_Backend_Only|Any CPU
		{5A64BC73-A68D-431C-8703-940F8B3A0F00}.Debug_BackendOnly|Any CPU.Build.0 = Debug_Backend_Only|Any CPU
		{5A64BC73-A68D-431C-8703-940F8B3A0F00}.Debug_Desktop|Any CPU.ActiveCfg = Debug_Desktop|Any CPU
		{5A64BC73-A68D-431C-8703-940F8B3A0F00}.Debug_Desktop|Any CPU.Build.0 = Debug_Desktop|Any CPU
		{5A64BC73-A68D-431C-8703-940F8B3A0F00}.Debug_iOS|Any CPU.ActiveCfg = Debug_iOS|Any CPU
		{5A64BC73-A68D-431C-8703-940F8B3A0F00}.Debug_iOS|Any CPU.Build.0 = Debug_iOS|Any CPU
		{5A64BC73-A68D-431C-8703-940F8B3A0F00}.Debug_Non_iOS|Any CPU.ActiveCfg = Debug_Non_iOS|Any CPU
		{5A64BC73-A68D-431C-8703-940F8B3A0F00}.Debug_Non_iOS|Any CPU.Build.0 = Debug_Non_iOS|Any CPU
		{5A64BC73-A68D-431C-8703-940F8B3A0F00}.No_Build|Any CPU.ActiveCfg = No_Build|Any CPU
		{5A64BC73-A68D-431C-8703-940F8B3A0F00}.Release|Any CPU.ActiveCfg = No_Build|Any CPU
		{5A64BC73-A68D-431C-8703-940F8B3A0F00}.Debug_Telegram|Any CPU.ActiveCfg = Debug_Telegram|Any CPU
		{5A64BC73-A68D-431C-8703-940F8B3A0F00}.Debug_Telegram|Any CPU.Build.0 = Debug_Telegram|Any CPU
		{396D514B-CD3E-4E86-989A-F4E82E991C6B}.Release|Any CPU.ActiveCfg = Release|Any CPU
		{396D514B-CD3E-4E86-989A-F4E82E991C6B}.Release|Any CPU.Build.0 = Release|Any CPU
		{396D514B-CD3E-4E86-989A-F4E82E991C6B}.Debug_All|Any CPU.ActiveCfg = Debug_All|Any CPU
		{396D514B-CD3E-4E86-989A-F4E82E991C6B}.Debug_All|Any CPU.Build.0 = Debug_All|Any CPU
		{396D514B-CD3E-4E86-989A-F4E82E991C6B}.Debug_BackendOnly|Any CPU.ActiveCfg = Debug_Backend_Only|Any CPU
		{396D514B-CD3E-4E86-989A-F4E82E991C6B}.Debug_BackendOnly|Any CPU.Build.0 = Debug_Backend_Only|Any CPU
		{396D514B-CD3E-4E86-989A-F4E82E991C6B}.Debug_Desktop|Any CPU.ActiveCfg = No_Build|Any CPU
		{396D514B-CD3E-4E86-989A-F4E82E991C6B}.Debug_iOS|Any CPU.ActiveCfg = No_Build|Any CPU
		{396D514B-CD3E-4E86-989A-F4E82E991C6B}.Debug_Non_iOS|Any CPU.ActiveCfg = Debug_Non_iOS|Any CPU
		{396D514B-CD3E-4E86-989A-F4E82E991C6B}.Debug_Non_iOS|Any CPU.Build.0 = Debug_Non_iOS|Any CPU
		{396D514B-CD3E-4E86-989A-F4E82E991C6B}.No_Build|Any CPU.ActiveCfg = No_Build|Any CPU
		{396D514B-CD3E-4E86-989A-F4E82E991C6B}.Debug_Telegram|Any CPU.ActiveCfg = Debug_Telegram|Any CPU
		{396D514B-CD3E-4E86-989A-F4E82E991C6B}.Debug_Telegram|Any CPU.Build.0 = Debug_Telegram|Any CPU
		{94CF483B-D5CB-497A-A2EE-ECB2A9CAF920}.Release|Any CPU.ActiveCfg = Release|Any CPU
		{94CF483B-D5CB-497A-A2EE-ECB2A9CAF920}.Release|Any CPU.Build.0 = Release|Any CPU
		{94CF483B-D5CB-497A-A2EE-ECB2A9CAF920}.Debug_All|Any CPU.ActiveCfg = Debug_All|Any CPU
		{94CF483B-D5CB-497A-A2EE-ECB2A9CAF920}.Debug_All|Any CPU.Build.0 = Debug_All|Any CPU
		{94CF483B-D5CB-497A-A2EE-ECB2A9CAF920}.Debug_BackendOnly|Any CPU.ActiveCfg = Debug_Backend_Only|Any CPU
		{94CF483B-D5CB-497A-A2EE-ECB2A9CAF920}.Debug_BackendOnly|Any CPU.Build.0 = Debug_Backend_Only|Any CPU
		{94CF483B-D5CB-497A-A2EE-ECB2A9CAF920}.Debug_Desktop|Any CPU.ActiveCfg = No_Build|Any CPU
		{94CF483B-D5CB-497A-A2EE-ECB2A9CAF920}.Debug_iOS|Any CPU.ActiveCfg = No_Build|Any CPU
		{94CF483B-D5CB-497A-A2EE-ECB2A9CAF920}.Debug_Non_iOS|Any CPU.ActiveCfg = Debug_Non_iOS|Any CPU
		{94CF483B-D5CB-497A-A2EE-ECB2A9CAF920}.Debug_Non_iOS|Any CPU.Build.0 = Debug_Non_iOS|Any CPU
		{94CF483B-D5CB-497A-A2EE-ECB2A9CAF920}.No_Build|Any CPU.ActiveCfg = No_Build|Any CPU
		{94CF483B-D5CB-497A-A2EE-ECB2A9CAF920}.Debug_Telegram|Any CPU.ActiveCfg = Debug_Telegram|Any CPU
		{94CF483B-D5CB-497A-A2EE-ECB2A9CAF920}.Debug_Telegram|Any CPU.Build.0 = Debug_Telegram|Any CPU
		{8237548D-C052-4C9C-9BC3-1FC27EB86A47}.Release|Any CPU.ActiveCfg = Release|Any CPU
		{8237548D-C052-4C9C-9BC3-1FC27EB86A47}.Release|Any CPU.Build.0 = Release|Any CPU
		{8237548D-C052-4C9C-9BC3-1FC27EB86A47}.Debug_All|Any CPU.ActiveCfg = Debug_All|Any CPU
		{8237548D-C052-4C9C-9BC3-1FC27EB86A47}.Debug_All|Any CPU.Build.0 = Debug_All|Any CPU
		{8237548D-C052-4C9C-9BC3-1FC27EB86A47}.Debug_BackendOnly|Any CPU.ActiveCfg = Debug_Backend_Only|Any CPU
		{8237548D-C052-4C9C-9BC3-1FC27EB86A47}.Debug_BackendOnly|Any CPU.Build.0 = Debug_Backend_Only|Any CPU
		{8237548D-C052-4C9C-9BC3-1FC27EB86A47}.Debug_Desktop|Any CPU.ActiveCfg = No_Build|Any CPU
		{8237548D-C052-4C9C-9BC3-1FC27EB86A47}.Debug_iOS|Any CPU.ActiveCfg = No_Build|Any CPU
		{8237548D-C052-4C9C-9BC3-1FC27EB86A47}.Debug_Non_iOS|Any CPU.ActiveCfg = Debug_Non_iOS|Any CPU
		{8237548D-C052-4C9C-9BC3-1FC27EB86A47}.Debug_Non_iOS|Any CPU.Build.0 = Debug_Non_iOS|Any CPU
		{8237548D-C052-4C9C-9BC3-1FC27EB86A47}.Debug_Telegram|Any CPU.ActiveCfg = Debug_Telegram|Any CPU
		{8237548D-C052-4C9C-9BC3-1FC27EB86A47}.Debug_Telegram|Any CPU.Build.0 = Debug_Telegram|Any CPU
		{8237548D-C052-4C9C-9BC3-1FC27EB86A47}.No_Build|Any CPU.ActiveCfg = No_Build|Any CPU
		{4BD79FDC-EC3E-4ED4-905F-70D32E52619F}.Release|Any CPU.ActiveCfg = Release|Any CPU
		{4BD79FDC-EC3E-4ED4-905F-70D32E52619F}.Release|Any CPU.Build.0 = Release|Any CPU
		{4BD79FDC-EC3E-4ED4-905F-70D32E52619F}.Debug_All|Any CPU.ActiveCfg = Debug_All|Any CPU
		{4BD79FDC-EC3E-4ED4-905F-70D32E52619F}.Debug_All|Any CPU.Build.0 = Debug_All|Any CPU
		{4BD79FDC-EC3E-4ED4-905F-70D32E52619F}.Debug_BackendOnly|Any CPU.ActiveCfg = Debug_Backend_Only|Any CPU
		{4BD79FDC-EC3E-4ED4-905F-70D32E52619F}.Debug_BackendOnly|Any CPU.Build.0 = Debug_Backend_Only|Any CPU
		{4BD79FDC-EC3E-4ED4-905F-70D32E52619F}.Debug_Desktop|Any CPU.ActiveCfg = Debug_Desktop|Any CPU
		{4BD79FDC-EC3E-4ED4-905F-70D32E52619F}.Debug_Desktop|Any CPU.Build.0 = Debug_Desktop|Any CPU
		{4BD79FDC-EC3E-4ED4-905F-70D32E52619F}.Debug_iOS|Any CPU.ActiveCfg = Debug_iOS|Any CPU
		{4BD79FDC-EC3E-4ED4-905F-70D32E52619F}.Debug_iOS|Any CPU.Build.0 = Debug_iOS|Any CPU
		{4BD79FDC-EC3E-4ED4-905F-70D32E52619F}.Debug_Non_iOS|Any CPU.ActiveCfg = Debug_Non_iOS|Any CPU
		{4BD79FDC-EC3E-4ED4-905F-70D32E52619F}.Debug_Non_iOS|Any CPU.Build.0 = Debug_Non_iOS|Any CPU
		{4BD79FDC-EC3E-4ED4-905F-70D32E52619F}.Debug_Telegram|Any CPU.ActiveCfg = Debug_Telegram|Any CPU
		{4BD79FDC-EC3E-4ED4-905F-70D32E52619F}.Debug_Telegram|Any CPU.Build.0 = Debug_Telegram|Any CPU
		{4BD79FDC-EC3E-4ED4-905F-70D32E52619F}.No_Build|Any CPU.ActiveCfg = No_Build|Any CPU
		{8FABE16E-9692-46A8-9254-B414F6EA34AB}.Release|Any CPU.ActiveCfg = Release|Any CPU
		{8FABE16E-9692-46A8-9254-B414F6EA34AB}.Release|Any CPU.Build.0 = Release|Any CPU
		{8FABE16E-9692-46A8-9254-B414F6EA34AB}.Debug_All|Any CPU.ActiveCfg = Debug_All|Any CPU
		{8FABE16E-9692-46A8-9254-B414F6EA34AB}.Debug_All|Any CPU.Build.0 = Debug_All|Any CPU
		{8FABE16E-9692-46A8-9254-B414F6EA34AB}.Debug_BackendOnly|Any CPU.ActiveCfg = Debug_Backend_Only|Any CPU
		{8FABE16E-9692-46A8-9254-B414F6EA34AB}.Debug_BackendOnly|Any CPU.Build.0 = Debug_Backend_Only|Any CPU
		{8FABE16E-9692-46A8-9254-B414F6EA34AB}.Debug_Desktop|Any CPU.ActiveCfg = Debug_Desktop|Any CPU
		{8FABE16E-9692-46A8-9254-B414F6EA34AB}.Debug_Desktop|Any CPU.Build.0 = Debug_Desktop|Any CPU
		{8FABE16E-9692-46A8-9254-B414F6EA34AB}.Debug_iOS|Any CPU.ActiveCfg = Debug_iOS|Any CPU
		{8FABE16E-9692-46A8-9254-B414F6EA34AB}.Debug_iOS|Any CPU.Build.0 = Debug_iOS|Any CPU
		{8FABE16E-9692-46A8-9254-B414F6EA34AB}.Debug_Non_iOS|Any CPU.ActiveCfg = Debug_Non_iOS|Any CPU
		{8FABE16E-9692-46A8-9254-B414F6EA34AB}.Debug_Non_iOS|Any CPU.Build.0 = Debug_Non_iOS|Any CPU
		{8FABE16E-9692-46A8-9254-B414F6EA34AB}.Debug_Telegram|Any CPU.ActiveCfg = Debug_Telegram|Any CPU
		{8FABE16E-9692-46A8-9254-B414F6EA34AB}.Debug_Telegram|Any CPU.Build.0 = Debug_Telegram|Any CPU
		{8FABE16E-9692-46A8-9254-B414F6EA34AB}.No_Build|Any CPU.ActiveCfg = No_Build|Any CPU
		{77CE18B0-ACE6-44BE-BB4D-2A2F73706630}.Release|Any CPU.ActiveCfg = Release|Any CPU
		{77CE18B0-ACE6-44BE-BB4D-2A2F73706630}.Release|Any CPU.Build.0 = Release|Any CPU
		{77CE18B0-ACE6-44BE-BB4D-2A2F73706630}.Debug_All|Any CPU.ActiveCfg = Debug_All|Any CPU
		{77CE18B0-ACE6-44BE-BB4D-2A2F73706630}.Debug_All|Any CPU.Build.0 = Debug_All|Any CPU
		{77CE18B0-ACE6-44BE-BB4D-2A2F73706630}.Debug_BackendOnly|Any CPU.ActiveCfg = Debug_Backend_Only|Any CPU
		{77CE18B0-ACE6-44BE-BB4D-2A2F73706630}.Debug_BackendOnly|Any CPU.Build.0 = Debug_Backend_Only|Any CPU
		{77CE18B0-ACE6-44BE-BB4D-2A2F73706630}.Debug_Desktop|Any CPU.ActiveCfg = Debug_Desktop|Any CPU
		{77CE18B0-ACE6-44BE-BB4D-2A2F73706630}.Debug_Desktop|Any CPU.Build.0 = Debug_Desktop|Any CPU
		{77CE18B0-ACE6-44BE-BB4D-2A2F73706630}.Debug_iOS|Any CPU.ActiveCfg = Debug_iOS|Any CPU
		{77CE18B0-ACE6-44BE-BB4D-2A2F73706630}.Debug_iOS|Any CPU.Build.0 = Debug_iOS|Any CPU
		{77CE18B0-ACE6-44BE-BB4D-2A2F73706630}.Debug_Non_iOS|Any CPU.ActiveCfg = Debug_Non_iOS|Any CPU
		{77CE18B0-ACE6-44BE-BB4D-2A2F73706630}.Debug_Non_iOS|Any CPU.Build.0 = Debug_Non_iOS|Any CPU
		{77CE18B0-ACE6-44BE-BB4D-2A2F73706630}.Debug_Telegram|Any CPU.ActiveCfg = Debug_Telegram|Any CPU
		{77CE18B0-ACE6-44BE-BB4D-2A2F73706630}.Debug_Telegram|Any CPU.Build.0 = Debug_Telegram|Any CPU
		{77CE18B0-ACE6-44BE-BB4D-2A2F73706630}.No_Build|Any CPU.ActiveCfg = No_Build|Any CPU
	EndGlobalSection
	GlobalSection(NestedProjects) = preSolution
		{997AD6CD-5DB5-46E7-AB54-CA0F8226BB64} = {D26C28AE-E35F-46D7-91A0-6DC183FAA6C6}
		{012B9519-33F7-4AE1-A604-2CA3E54423CE} = {D26C28AE-E35F-46D7-91A0-6DC183FAA6C6}
		{B52607A2-9E5F-436E-81A3-7999BE2DABBF} = {D26C28AE-E35F-46D7-91A0-6DC183FAA6C6}
		{A44DAC40-0F5F-45C3-8CF9-7A2287CF2EE1} = {7838250D-F1E8-4131-8371-30C5344F52CE}
		{F00AFF6F-2EEE-46D4-8E94-4D58B7A3551C} = {7838250D-F1E8-4131-8371-30C5344F52CE}
		{CE7EFAF9-C868-4DAF-933D-7120BF8AA7FE} = {7838250D-F1E8-4131-8371-30C5344F52CE}
		{F8592897-CF33-4614-97B2-C0E16D406D3A} = {7838250D-F1E8-4131-8371-30C5344F52CE}
		{6CDFC990-05B6-43A4-B5A6-15B4524BA6F8} = {7838250D-F1E8-4131-8371-30C5344F52CE}
		{61FF73DE-7C40-48E7-829F-424061B0E534} = {E5835236-896A-4576-8A1F-EBF20213872E}
		{FE8ED1AC-7BC5-49B9-A7E4-C21560A531BC} = {442F01A3-80F3-4BE3-8D51-4E4505216822}
		{575C0F42-CB8A-4531-9150-20B7EE460676} = {442F01A3-80F3-4BE3-8D51-4E4505216822}
		{E11437BF-47AE-4FFB-9AED-1601007BC72D} = {442F01A3-80F3-4BE3-8D51-4E4505216822}
		{C2DB3D18-E5D2-4298-A50D-5FB0D7E18E13} = {D26C28AE-E35F-46D7-91A0-6DC183FAA6C6}
		{D730F243-59DC-4A45-8E02-D580A041CF67} = {7838250D-F1E8-4131-8371-30C5344F52CE}
		{B5FF670E-F6EA-418D-A1AB-46726997181D} = {E5835236-896A-4576-8A1F-EBF20213872E}
		{396D514B-CD3E-4E86-989A-F4E82E991C6B} = {442F01A3-80F3-4BE3-8D51-4E4505216822}
		{94CF483B-D5CB-497A-A2EE-ECB2A9CAF920} = {442F01A3-80F3-4BE3-8D51-4E4505216822}
		{8237548D-C052-4C9C-9BC3-1FC27EB86A47} = {442F01A3-80F3-4BE3-8D51-4E4505216822}
		{4BD79FDC-EC3E-4ED4-905F-70D32E52619F} = {E5835236-896A-4576-8A1F-EBF20213872E}
		{8FABE16E-9692-46A8-9254-B414F6EA34AB} = {E5835236-896A-4576-8A1F-EBF20213872E}
		{77CE18B0-ACE6-44BE-BB4D-2A2F73706630} = {E5835236-896A-4576-8A1F-EBF20213872E}
	EndGlobalSection
EndGlobal
