
Microsoft Visual Studio Solution File, Format Version 12.00
Project("{FAE04EC0-301F-11D3-BF4B-00C04F79EFBC}") = "CheckMade.Desktop.Startup", "Src\CheckMade.Desktop.Startup\CheckMade.Desktop.Startup.csproj", "{997AD6CD-5DB5-46E7-AB54-CA0F8226BB64}"
EndProject
Project("{2150E333-8FDC-42A3-9474-1A3956D46DE8}") = "_SolutionItems", "_SolutionItems", "{EC4575D6-D466-4C3F-B78C-4048E0B09498}"
	ProjectSection(SolutionItems) = preProject
		.gitignore = .gitignore
		Directory.Build.props = Directory.Build.props
		global.json = global.json
		version.txt = version.txt
		.github\workflows\fb_workflow.yml = .github\workflows\fb_workflow.yml
		.github\workflows\main_workflow.yml = .github\workflows\main_workflow.yml
		.idea\.idea.CheckMade\.idea\bashsupport-pro.xml = .idea\.idea.CheckMade\.idea\bashsupport-pro.xml
		Src\SharedGlobalUsings.cs = Src\SharedGlobalUsings.cs
		README.md = README.md
		LICENSE.md = LICENSE.md
		nuget.config = nuget.config
		ParkedCode\parked_workflows.txt = ParkedCode\parked_workflows.txt
	EndProjectSection
EndProject
Project("{FAE04EC0-301F-11D3-BF4B-00C04F79EFBC}") = "CheckMade.Desktop.Views", "Src\CheckMade.Desktop.Views\CheckMade.Desktop.Views.csproj", "{B52607A2-9E5F-436E-81A3-7999BE2DABBF}"
EndProject
Project("{FAE04EC0-301F-11D3-BF4B-00C04F79EFBC}") = "CheckMade.Desktop.ViewModels", "Src\CheckMade.Desktop.ViewModels\CheckMade.Desktop.ViewModels.csproj", "{012B9519-33F7-4AE1-A604-2CA3E54423CE}"
EndProject
Project("{FAE04EC0-301F-11D3-BF4B-00C04F79EFBC}") = "CheckMade.Function", "Src\CheckMade.Function\CheckMade.Function.csproj", "{575C0F42-CB8A-4531-9150-20B7EE460676}"
EndProject
Project("{FAE04EC0-301F-11D3-BF4B-00C04F79EFBC}") = "CheckMade.Tests", "Src\CheckMade.Tests\CheckMade.Tests.csproj", "{E11437BF-47AE-4FFB-9AED-1601007BC72D}"
EndProject
Project("{FAE04EC0-301F-11D3-BF4B-00C04F79EFBC}") = "CheckMade.ChatBot.Logic", "Src\CheckMade.ChatBot.Logic\CheckMade.ChatBot.Logic.csproj", "{FE8ED1AC-7BC5-49B9-A7E4-C21560A531BC}"
EndProject
Project("{FAE04EC0-301F-11D3-BF4B-00C04F79EFBC}") = "CheckMade.Abstract.Domain", "Src\CheckMade.Abstract.Domain\CheckMade.Abstract.Domain.csproj", "{61FF73DE-7C40-48E7-829F-424061B0E534}"
EndProject
Project("{2150E333-8FDC-42A3-9474-1A3956D46DE8}") = "Desktop", "Desktop", "{D26C28AE-E35F-46D7-91A0-6DC183FAA6C6}"
EndProject
Project("{2150E333-8FDC-42A3-9474-1A3956D46DE8}") = "Services", "Services", "{E5835236-896A-4576-8A1F-EBF20213872E}"
EndProject
Project("{2150E333-8FDC-42A3-9474-1A3956D46DE8}") = "ChatBot", "ChatBot", "{442F01A3-80F3-4BE3-8D51-4E4505216822}"
EndProject
Project("{FAE04EC0-301F-11D3-BF4B-00C04F79EFBC}") = "CheckMade.Services.Persistence", "Src\CheckMade.Services.Persistence\CheckMade.Services.Persistence.csproj", "{B5FF670E-F6EA-418D-A1AB-46726997181D}"
EndProject
Project("{FAE04EC0-301F-11D3-BF4B-00C04F79EFBC}") = "CheckMade.DevOps", "Src\CheckMade.DevOps\CheckMade.DevOps.csproj", "{5A64BC73-A68D-431C-8703-940F8B3A0F00}"
EndProject
Project("{FAE04EC0-301F-11D3-BF4B-00C04F79EFBC}") = "General.Utils", "Src\General.Utils\General.Utils.csproj", "{8FABE16E-9692-46A8-9254-B414F6EA34AB}"
EndProject
Project("{FAE04EC0-301F-11D3-BF4B-00C04F79EFBC}") = "CheckMade.Services.ExtAPIs", "Src\CheckMade.Services.ExtAPIs\CheckMade.Services.ExtAPIs.csproj", "{FD54A29A-9EF6-40ED-9D23-F79D5DE630AE}"
EndProject
Project("{2150E333-8FDC-42A3-9474-1A3956D46DE8}") = "Documentation", "Documentation", "{A539503E-BACE-48F9-822A-607F5F16A6F8}"
EndProject
Project("{2150E333-8FDC-42A3-9474-1A3956D46DE8}") = "Wiki", "Wiki", "{AF183FDB-DF1C-44FA-B362-881917C37716}"
	ProjectSection(SolutionItems) = preProject
		..\CheckMade.wiki\Top-Level Workflow.md = ..\CheckMade.wiki\Top-Level Workflow.md
		..\CheckMade.wiki\Tooling.md = ..\CheckMade.wiki\Tooling.md
		..\CheckMade.wiki\Telegram-CheckMade-Interaction.md = ..\CheckMade.wiki\Telegram-CheckMade-Interaction.md
		..\CheckMade.wiki\Home.md = ..\CheckMade.wiki\Home.md
		..\CheckMade.wiki\Domain-Model.md = ..\CheckMade.wiki\Domain-Model.md
		..\CheckMade.wiki\Dev-Style-Guide-And-Pitfalls.md = ..\CheckMade.wiki\Dev-Style-Guide-And-Pitfalls.md
		..\CheckMade.wiki\Background-and-Nuances.md = ..\CheckMade.wiki\Background-and-Nuances.md
		..\CheckMade.wiki\Architecture---Tech---Design-Choices.md = ..\CheckMade.wiki\Architecture---Tech---Design-Choices.md
		..\CheckMade.wiki\DevOps-Continuous-Integration-Workflow.md = ..\CheckMade.wiki\DevOps-Continuous-Integration-Workflow.md
		..\CheckMade.wiki\DevOps-Deployment.md = ..\CheckMade.wiki\DevOps-Deployment.md
		..\CheckMade.wiki\DevOps-Schema-Evolution.md = ..\CheckMade.wiki\DevOps-Schema-Evolution.md
	EndProjectSection
EndProject
Project("{2150E333-8FDC-42A3-9474-1A3956D46DE8}") = "ClaudeProject", "ClaudeProject", "{B0CDD972-E29B-447B-9458-296ECB020312}"
	ProjectSection(SolutionItems) = preProject
		..\ClaudeProject_CheckMadeDev\knowledge\documentation\script_updated\docu_wiki.md = ..\ClaudeProject_CheckMadeDev\knowledge\documentation\script_updated\docu_wiki.md
		..\ClaudeProject_CheckMadeDev\knowledge\documentation\script_updated\docu_style_guide.md = ..\ClaudeProject_CheckMadeDev\knowledge\documentation\script_updated\docu_style_guide.md
		..\ClaudeProject_CheckMadeDev\knowledge\documentation\script_updated\db_schema_technical.sql = ..\ClaudeProject_CheckMadeDev\knowledge\documentation\script_updated\db_schema_technical.sql
		..\ClaudeProject_CheckMadeDev\knowledge\documentation\script_updated\db_schema_business.md = ..\ClaudeProject_CheckMadeDev\knowledge\documentation\script_updated\db_schema_business.md
		..\ClaudeProject_CheckMadeDev\knowledge\documentation\docu_2024-07 Overview & Examples.md = ..\ClaudeProject_CheckMadeDev\knowledge\documentation\docu_2024-07 Overview & Examples.md
		..\ClaudeProject_CheckMadeDev\knowledge\documentation\docu_GitHub_Discussions_Manual_Selection.md = ..\ClaudeProject_CheckMadeDev\knowledge\documentation\docu_GitHub_Discussions_Manual_Selection.md
	EndProjectSection
EndProject
Project("{2150E333-8FDC-42A3-9474-1A3956D46DE8}") = "dgor82_style_guide", "dgor82_style_guide", "{AD54C1C1-9084-499E-B2B7-BF342E4DE8D9}"
	ProjectSection(SolutionItems) = preProject
		..\..\Personal_GitHub\dgor82.github.io\style_guide_code.md = ..\..\Personal_GitHub\dgor82.github.io\style_guide_code.md
		..\..\Personal_GitHub\dgor82.github.io\style_guide_practices.md = ..\..\Personal_GitHub\dgor82.github.io\style_guide_practices.md
	EndProjectSection
EndProject
Project("{FAE04EC0-301F-11D3-BF4B-00C04F79EFBC}") = "CheckMade.ChatBot.Telegram", "Src\CheckMade.ChatBot.Telegram\CheckMade.ChatBot.Telegram.csproj", "{38F24A8D-FA64-43B0-9741-5B3B28A41DE2}"
EndProject
Project("{FAE04EC0-301F-11D3-BF4B-00C04F79EFBC}") = "CheckMade.Services.Logic", "Src\CheckMade.Services.Logic\CheckMade.Services.Logic.csproj", "{E11C3542-1705-42B1-8AF7-A19C96AE071D}"
EndProject
Project("{2150E333-8FDC-42A3-9474-1A3956D46DE8}") = "Abstract", "Abstract", "{B141390A-6B5E-443D-B29C-2AAE0B41671E}"
EndProject
Global
	GlobalSection(SolutionConfigurationPlatforms) = preSolution
		Debug_Desktop|Any CPU = Debug_Desktop|Any CPU
		No_Build|Any CPU = No_Build|Any CPU
		Release|Any CPU = Release|Any CPU
		Debug_DevOps|Any CPU = Debug_DevOps|Any CPU
		Debug_ChatBot|Any CPU = Debug_ChatBot|Any CPU
		Debug_AllPrd|Any CPU = Debug_AllPrd|Any CPU
	EndGlobalSection
	GlobalSection(ProjectConfigurationPlatforms) = postSolution
		{997AD6CD-5DB5-46E7-AB54-CA0F8226BB64}.Debug_Desktop|Any CPU.ActiveCfg = Debug_Desktop|Any CPU
		{997AD6CD-5DB5-46E7-AB54-CA0F8226BB64}.Debug_Desktop|Any CPU.Build.0 = Debug_Desktop|Any CPU
		{997AD6CD-5DB5-46E7-AB54-CA0F8226BB64}.No_Build|Any CPU.ActiveCfg = No_Build|Any CPU
		{997AD6CD-5DB5-46E7-AB54-CA0F8226BB64}.Release|Any CPU.ActiveCfg = Release|Any CPU
		{997AD6CD-5DB5-46E7-AB54-CA0F8226BB64}.Release|Any CPU.Build.0 = Release|Any CPU
		{997AD6CD-5DB5-46E7-AB54-CA0F8226BB64}.Release|Any CPU.Deploy.0 = Release|Any CPU
		{997AD6CD-5DB5-46E7-AB54-CA0F8226BB64}.Debug_DevOps|Any CPU.ActiveCfg = No_Build|Any CPU
		{997AD6CD-5DB5-46E7-AB54-CA0F8226BB64}.Debug_ChatBot|Any CPU.ActiveCfg = No_Build|Any CPU
		{997AD6CD-5DB5-46E7-AB54-CA0F8226BB64}.Debug_AllPrd|Any CPU.ActiveCfg = Debug_AllPrd|Any CPU
		{997AD6CD-5DB5-46E7-AB54-CA0F8226BB64}.Debug_AllPrd|Any CPU.Build.0 = Debug_AllPrd|Any CPU
		{B52607A2-9E5F-436E-81A3-7999BE2DABBF}.Debug_Desktop|Any CPU.ActiveCfg = Debug_Desktop|Any CPU
		{B52607A2-9E5F-436E-81A3-7999BE2DABBF}.Debug_Desktop|Any CPU.Build.0 = Debug_Desktop|Any CPU
		{B52607A2-9E5F-436E-81A3-7999BE2DABBF}.No_Build|Any CPU.ActiveCfg = No_Build|Any CPU
		{B52607A2-9E5F-436E-81A3-7999BE2DABBF}.Release|Any CPU.ActiveCfg = Release|Any CPU
		{B52607A2-9E5F-436E-81A3-7999BE2DABBF}.Release|Any CPU.Build.0 = Release|Any CPU
		{B52607A2-9E5F-436E-81A3-7999BE2DABBF}.Debug_DevOps|Any CPU.ActiveCfg = No_Build|Any CPU
		{B52607A2-9E5F-436E-81A3-7999BE2DABBF}.Debug_ChatBot|Any CPU.ActiveCfg = No_Build|Any CPU
		{B52607A2-9E5F-436E-81A3-7999BE2DABBF}.Debug_AllPrd|Any CPU.ActiveCfg = Debug_AllPrd|Any CPU
		{B52607A2-9E5F-436E-81A3-7999BE2DABBF}.Debug_AllPrd|Any CPU.Build.0 = Debug_AllPrd|Any CPU
		{012B9519-33F7-4AE1-A604-2CA3E54423CE}.Debug_Desktop|Any CPU.ActiveCfg = Debug_Desktop|Any CPU
		{012B9519-33F7-4AE1-A604-2CA3E54423CE}.Debug_Desktop|Any CPU.Build.0 = Debug_Desktop|Any CPU
		{012B9519-33F7-4AE1-A604-2CA3E54423CE}.No_Build|Any CPU.ActiveCfg = No_Build|Any CPU
		{012B9519-33F7-4AE1-A604-2CA3E54423CE}.Release|Any CPU.ActiveCfg = Release|Any CPU
		{012B9519-33F7-4AE1-A604-2CA3E54423CE}.Release|Any CPU.Build.0 = Release|Any CPU
		{012B9519-33F7-4AE1-A604-2CA3E54423CE}.Debug_DevOps|Any CPU.ActiveCfg = No_Build|Any CPU
		{012B9519-33F7-4AE1-A604-2CA3E54423CE}.Debug_ChatBot|Any CPU.ActiveCfg = No_Build|Any CPU
		{012B9519-33F7-4AE1-A604-2CA3E54423CE}.Debug_AllPrd|Any CPU.ActiveCfg = Debug_AllPrd|Any CPU
		{012B9519-33F7-4AE1-A604-2CA3E54423CE}.Debug_AllPrd|Any CPU.Build.0 = Debug_AllPrd|Any CPU
		{575C0F42-CB8A-4531-9150-20B7EE460676}.No_Build|Any CPU.ActiveCfg = No_Build|Any CPU
		{575C0F42-CB8A-4531-9150-20B7EE460676}.Debug_Desktop|Any CPU.ActiveCfg = No_Build|Any CPU
		{575C0F42-CB8A-4531-9150-20B7EE460676}.Release|Any CPU.ActiveCfg = Release|Any CPU
		{575C0F42-CB8A-4531-9150-20B7EE460676}.Release|Any CPU.Build.0 = Release|Any CPU
		{575C0F42-CB8A-4531-9150-20B7EE460676}.Release|Any CPU.Deploy.0 = Release|Any CPU
		{575C0F42-CB8A-4531-9150-20B7EE460676}.Debug_DevOps|Any CPU.ActiveCfg = Debug_DevOps|Any CPU
		{575C0F42-CB8A-4531-9150-20B7EE460676}.Debug_DevOps|Any CPU.Build.0 = Debug_DevOps|Any CPU
		{575C0F42-CB8A-4531-9150-20B7EE460676}.Debug_ChatBot|Any CPU.ActiveCfg = Debug_ChatBot|Any CPU
		{575C0F42-CB8A-4531-9150-20B7EE460676}.Debug_ChatBot|Any CPU.Build.0 = Debug_ChatBot|Any CPU
		{575C0F42-CB8A-4531-9150-20B7EE460676}.Debug_AllPrd|Any CPU.ActiveCfg = Debug_AllPrd|Any CPU
		{575C0F42-CB8A-4531-9150-20B7EE460676}.Debug_AllPrd|Any CPU.Build.0 = Debug_AllPrd|Any CPU
		{E11437BF-47AE-4FFB-9AED-1601007BC72D}.No_Build|Any CPU.ActiveCfg = No_Build|Any CPU
		{E11437BF-47AE-4FFB-9AED-1601007BC72D}.Release|Any CPU.ActiveCfg = Release|Any CPU
		{E11437BF-47AE-4FFB-9AED-1601007BC72D}.Release|Any CPU.Build.0 = Release|Any CPU
		{E11437BF-47AE-4FFB-9AED-1601007BC72D}.Debug_DevOps|Any CPU.ActiveCfg = Debug_DevOps|Any CPU
		{E11437BF-47AE-4FFB-9AED-1601007BC72D}.Debug_DevOps|Any CPU.Build.0 = Debug_DevOps|Any CPU
		{E11437BF-47AE-4FFB-9AED-1601007BC72D}.Debug_ChatBot|Any CPU.ActiveCfg = Debug_ChatBot|Any CPU
		{E11437BF-47AE-4FFB-9AED-1601007BC72D}.Debug_ChatBot|Any CPU.Build.0 = Debug_ChatBot|Any CPU
		{E11437BF-47AE-4FFB-9AED-1601007BC72D}.Debug_AllPrd|Any CPU.ActiveCfg = Debug_AllPrd|Any CPU
		{E11437BF-47AE-4FFB-9AED-1601007BC72D}.Debug_AllPrd|Any CPU.Build.0 = Debug_AllPrd|Any CPU
		{E11437BF-47AE-4FFB-9AED-1601007BC72D}.Debug_Desktop|Any CPU.ActiveCfg = Debug_Desktop|Any CPU
		{E11437BF-47AE-4FFB-9AED-1601007BC72D}.Debug_Desktop|Any CPU.Build.0 = Debug_Desktop|Any CPU
		{FE8ED1AC-7BC5-49B9-A7E4-C21560A531BC}.Debug_Desktop|Any CPU.ActiveCfg = No_Build|Any CPU
		{FE8ED1AC-7BC5-49B9-A7E4-C21560A531BC}.No_Build|Any CPU.ActiveCfg = No_Build|Any CPU
		{FE8ED1AC-7BC5-49B9-A7E4-C21560A531BC}.Release|Any CPU.ActiveCfg = Release|Any CPU
		{FE8ED1AC-7BC5-49B9-A7E4-C21560A531BC}.Release|Any CPU.Build.0 = Release|Any CPU
		{FE8ED1AC-7BC5-49B9-A7E4-C21560A531BC}.Debug_DevOps|Any CPU.ActiveCfg = Debug_DevOps|Any CPU
		{FE8ED1AC-7BC5-49B9-A7E4-C21560A531BC}.Debug_DevOps|Any CPU.Build.0 = Debug_DevOps|Any CPU
		{FE8ED1AC-7BC5-49B9-A7E4-C21560A531BC}.Debug_ChatBot|Any CPU.ActiveCfg = Debug_ChatBot|Any CPU
		{FE8ED1AC-7BC5-49B9-A7E4-C21560A531BC}.Debug_ChatBot|Any CPU.Build.0 = Debug_ChatBot|Any CPU
		{FE8ED1AC-7BC5-49B9-A7E4-C21560A531BC}.Debug_AllPrd|Any CPU.ActiveCfg = Debug_AllPrd|Any CPU
		{FE8ED1AC-7BC5-49B9-A7E4-C21560A531BC}.Debug_AllPrd|Any CPU.Build.0 = Debug_AllPrd|Any CPU
		{61FF73DE-7C40-48E7-829F-424061B0E534}.Debug_Desktop|Any CPU.ActiveCfg = Debug_Desktop|Any CPU
		{61FF73DE-7C40-48E7-829F-424061B0E534}.Debug_Desktop|Any CPU.Build.0 = Debug_Desktop|Any CPU
		{61FF73DE-7C40-48E7-829F-424061B0E534}.No_Build|Any CPU.ActiveCfg = No_Build|Any CPU
		{61FF73DE-7C40-48E7-829F-424061B0E534}.Release|Any CPU.ActiveCfg = Release|Any CPU
		{61FF73DE-7C40-48E7-829F-424061B0E534}.Release|Any CPU.Build.0 = Release|Any CPU
		{61FF73DE-7C40-48E7-829F-424061B0E534}.Debug_DevOps|Any CPU.ActiveCfg = Debug_DevOps|Any CPU
		{61FF73DE-7C40-48E7-829F-424061B0E534}.Debug_DevOps|Any CPU.Build.0 = Debug_DevOps|Any CPU
		{61FF73DE-7C40-48E7-829F-424061B0E534}.Debug_ChatBot|Any CPU.ActiveCfg = Debug_ChatBot|Any CPU
		{61FF73DE-7C40-48E7-829F-424061B0E534}.Debug_ChatBot|Any CPU.Build.0 = Debug_ChatBot|Any CPU
		{61FF73DE-7C40-48E7-829F-424061B0E534}.Debug_AllPrd|Any CPU.ActiveCfg = Debug_AllPrd|Any CPU
		{61FF73DE-7C40-48E7-829F-424061B0E534}.Debug_AllPrd|Any CPU.Build.0 = Debug_AllPrd|Any CPU
		{B5FF670E-F6EA-418D-A1AB-46726997181D}.Release|Any CPU.ActiveCfg = Release|Any CPU
		{B5FF670E-F6EA-418D-A1AB-46726997181D}.Release|Any CPU.Build.0 = Release|Any CPU
		{B5FF670E-F6EA-418D-A1AB-46726997181D}.Debug_Desktop|Any CPU.ActiveCfg = Debug_Desktop|Any CPU
		{B5FF670E-F6EA-418D-A1AB-46726997181D}.Debug_Desktop|Any CPU.Build.0 = Debug_Desktop|Any CPU
		{B5FF670E-F6EA-418D-A1AB-46726997181D}.No_Build|Any CPU.ActiveCfg = No_Build|Any CPU
		{B5FF670E-F6EA-418D-A1AB-46726997181D}.Debug_DevOps|Any CPU.ActiveCfg = Debug_DevOps|Any CPU
		{B5FF670E-F6EA-418D-A1AB-46726997181D}.Debug_DevOps|Any CPU.Build.0 = Debug_DevOps|Any CPU
		{B5FF670E-F6EA-418D-A1AB-46726997181D}.Debug_ChatBot|Any CPU.ActiveCfg = Debug_ChatBot|Any CPU
		{B5FF670E-F6EA-418D-A1AB-46726997181D}.Debug_ChatBot|Any CPU.Build.0 = Debug_ChatBot|Any CPU
		{B5FF670E-F6EA-418D-A1AB-46726997181D}.Debug_AllPrd|Any CPU.ActiveCfg = Debug_AllPrd|Any CPU
		{B5FF670E-F6EA-418D-A1AB-46726997181D}.Debug_AllPrd|Any CPU.Build.0 = Debug_AllPrd|Any CPU
		{5A64BC73-A68D-431C-8703-940F8B3A0F00}.No_Build|Any CPU.ActiveCfg = No_Build|Any CPU
		{5A64BC73-A68D-431C-8703-940F8B3A0F00}.Release|Any CPU.ActiveCfg = No_Build|Any CPU
		{5A64BC73-A68D-431C-8703-940F8B3A0F00}.Debug_Desktop|Any CPU.ActiveCfg = No_Build|Any CPU
		{5A64BC73-A68D-431C-8703-940F8B3A0F00}.Debug_DevOps|Any CPU.ActiveCfg = Debug_DevOps|Any CPU
		{5A64BC73-A68D-431C-8703-940F8B3A0F00}.Debug_DevOps|Any CPU.Build.0 = Debug_DevOps|Any CPU
		{5A64BC73-A68D-431C-8703-940F8B3A0F00}.Debug_ChatBot|Any CPU.ActiveCfg = No_Build|Any CPU
		{5A64BC73-A68D-431C-8703-940F8B3A0F00}.Debug_AllPrd|Any CPU.ActiveCfg = No_Build|Any CPU
		{8FABE16E-9692-46A8-9254-B414F6EA34AB}.Release|Any CPU.ActiveCfg = Release|Any CPU
		{8FABE16E-9692-46A8-9254-B414F6EA34AB}.Release|Any CPU.Build.0 = Release|Any CPU
		{8FABE16E-9692-46A8-9254-B414F6EA34AB}.Debug_Desktop|Any CPU.ActiveCfg = Debug_Desktop|Any CPU
		{8FABE16E-9692-46A8-9254-B414F6EA34AB}.Debug_Desktop|Any CPU.Build.0 = Debug_Desktop|Any CPU
		{8FABE16E-9692-46A8-9254-B414F6EA34AB}.No_Build|Any CPU.ActiveCfg = No_Build|Any CPU
		{8FABE16E-9692-46A8-9254-B414F6EA34AB}.Debug_DevOps|Any CPU.ActiveCfg = Debug_DevOps|Any CPU
		{8FABE16E-9692-46A8-9254-B414F6EA34AB}.Debug_DevOps|Any CPU.Build.0 = Debug_DevOps|Any CPU
		{8FABE16E-9692-46A8-9254-B414F6EA34AB}.Debug_ChatBot|Any CPU.ActiveCfg = Debug_ChatBot|Any CPU
		{8FABE16E-9692-46A8-9254-B414F6EA34AB}.Debug_ChatBot|Any CPU.Build.0 = Debug_ChatBot|Any CPU
		{8FABE16E-9692-46A8-9254-B414F6EA34AB}.Debug_AllPrd|Any CPU.ActiveCfg = Debug_AllPrd|Any CPU
		{8FABE16E-9692-46A8-9254-B414F6EA34AB}.Debug_AllPrd|Any CPU.Build.0 = Debug_AllPrd|Any CPU
		{FD54A29A-9EF6-40ED-9D23-F79D5DE630AE}.Release|Any CPU.ActiveCfg = Release|Any CPU
		{FD54A29A-9EF6-40ED-9D23-F79D5DE630AE}.Release|Any CPU.Build.0 = Release|Any CPU
		{FD54A29A-9EF6-40ED-9D23-F79D5DE630AE}.Debug_Desktop|Any CPU.ActiveCfg = Debug_Desktop|Any CPU
		{FD54A29A-9EF6-40ED-9D23-F79D5DE630AE}.Debug_Desktop|Any CPU.Build.0 = Debug_Desktop|Any CPU
		{FD54A29A-9EF6-40ED-9D23-F79D5DE630AE}.Debug_DevOps|Any CPU.ActiveCfg = Debug_DevOps|Any CPU
		{FD54A29A-9EF6-40ED-9D23-F79D5DE630AE}.Debug_DevOps|Any CPU.Build.0 = Debug_DevOps|Any CPU
		{FD54A29A-9EF6-40ED-9D23-F79D5DE630AE}.No_Build|Any CPU.ActiveCfg = No_Build|Any CPU
		{FD54A29A-9EF6-40ED-9D23-F79D5DE630AE}.Debug_ChatBot|Any CPU.ActiveCfg = Debug_ChatBot|Any CPU
		{FD54A29A-9EF6-40ED-9D23-F79D5DE630AE}.Debug_ChatBot|Any CPU.Build.0 = Debug_ChatBot|Any CPU
		{FD54A29A-9EF6-40ED-9D23-F79D5DE630AE}.Debug_AllPrd|Any CPU.ActiveCfg = Debug_AllPrd|Any CPU
		{FD54A29A-9EF6-40ED-9D23-F79D5DE630AE}.Debug_AllPrd|Any CPU.Build.0 = Debug_AllPrd|Any CPU
		{38F24A8D-FA64-43B0-9741-5B3B28A41DE2}.Release|Any CPU.ActiveCfg = Release|Any CPU
		{38F24A8D-FA64-43B0-9741-5B3B28A41DE2}.Release|Any CPU.Build.0 = Release|Any CPU
		{38F24A8D-FA64-43B0-9741-5B3B28A41DE2}.Debug_AllPrd|Any CPU.ActiveCfg = Debug_AllPrd|Any CPU
		{38F24A8D-FA64-43B0-9741-5B3B28A41DE2}.Debug_AllPrd|Any CPU.Build.0 = Debug_AllPrd|Any CPU
		{38F24A8D-FA64-43B0-9741-5B3B28A41DE2}.Debug_ChatBot|Any CPU.ActiveCfg = Debug_ChatBot|Any CPU
		{38F24A8D-FA64-43B0-9741-5B3B28A41DE2}.Debug_ChatBot|Any CPU.Build.0 = Debug_ChatBot|Any CPU
		{38F24A8D-FA64-43B0-9741-5B3B28A41DE2}.Debug_Desktop|Any CPU.ActiveCfg = No_Build|Any CPU
		{38F24A8D-FA64-43B0-9741-5B3B28A41DE2}.Debug_DevOps|Any CPU.ActiveCfg = Debug_DevOps|Any CPU
		{38F24A8D-FA64-43B0-9741-5B3B28A41DE2}.Debug_DevOps|Any CPU.Build.0 = Debug_DevOps|Any CPU
		{38F24A8D-FA64-43B0-9741-5B3B28A41DE2}.No_Build|Any CPU.ActiveCfg = No_Build|Any CPU
		{E11C3542-1705-42B1-8AF7-A19C96AE071D}.Release|Any CPU.ActiveCfg = Release|Any CPU
		{E11C3542-1705-42B1-8AF7-A19C96AE071D}.Release|Any CPU.Build.0 = Release|Any CPU
		{E11C3542-1705-42B1-8AF7-A19C96AE071D}.Debug_AllPrd|Any CPU.ActiveCfg = Debug_AllPrd|Any CPU
		{E11C3542-1705-42B1-8AF7-A19C96AE071D}.Debug_AllPrd|Any CPU.Build.0 = Debug_AllPrd|Any CPU
		{E11C3542-1705-42B1-8AF7-A19C96AE071D}.Debug_ChatBot|Any CPU.ActiveCfg = Debug_ChatBot|Any CPU
		{E11C3542-1705-42B1-8AF7-A19C96AE071D}.Debug_ChatBot|Any CPU.Build.0 = Debug_ChatBot|Any CPU
		{E11C3542-1705-42B1-8AF7-A19C96AE071D}.Debug_Desktop|Any CPU.ActiveCfg = Debug_Desktop|Any CPU
		{E11C3542-1705-42B1-8AF7-A19C96AE071D}.Debug_Desktop|Any CPU.Build.0 = Debug_Desktop|Any CPU
		{E11C3542-1705-42B1-8AF7-A19C96AE071D}.Debug_DevOps|Any CPU.ActiveCfg = Debug_DevOps|Any CPU
		{E11C3542-1705-42B1-8AF7-A19C96AE071D}.Debug_DevOps|Any CPU.Build.0 = Debug_DevOps|Any CPU
		{E11C3542-1705-42B1-8AF7-A19C96AE071D}.No_Build|Any CPU.ActiveCfg = No_Build|Any CPU
	EndGlobalSection
	GlobalSection(NestedProjects) = preSolution
		{997AD6CD-5DB5-46E7-AB54-CA0F8226BB64} = {D26C28AE-E35F-46D7-91A0-6DC183FAA6C6}
		{012B9519-33F7-4AE1-A604-2CA3E54423CE} = {D26C28AE-E35F-46D7-91A0-6DC183FAA6C6}
		{B52607A2-9E5F-436E-81A3-7999BE2DABBF} = {D26C28AE-E35F-46D7-91A0-6DC183FAA6C6}
		{FE8ED1AC-7BC5-49B9-A7E4-C21560A531BC} = {442F01A3-80F3-4BE3-8D51-4E4505216822}
		{B5FF670E-F6EA-418D-A1AB-46726997181D} = {E5835236-896A-4576-8A1F-EBF20213872E}
		{FD54A29A-9EF6-40ED-9D23-F79D5DE630AE} = {E5835236-896A-4576-8A1F-EBF20213872E}
		{A539503E-BACE-48F9-822A-607F5F16A6F8} = {EC4575D6-D466-4C3F-B78C-4048E0B09498}
		{AF183FDB-DF1C-44FA-B362-881917C37716} = {A539503E-BACE-48F9-822A-607F5F16A6F8}
		{B0CDD972-E29B-447B-9458-296ECB020312} = {A539503E-BACE-48F9-822A-607F5F16A6F8}
		{AD54C1C1-9084-499E-B2B7-BF342E4DE8D9} = {A539503E-BACE-48F9-822A-607F5F16A6F8}
		{38F24A8D-FA64-43B0-9741-5B3B28A41DE2} = {442F01A3-80F3-4BE3-8D51-4E4505216822}
		{E11C3542-1705-42B1-8AF7-A19C96AE071D} = {E5835236-896A-4576-8A1F-EBF20213872E}
		{61FF73DE-7C40-48E7-829F-424061B0E534} = {B141390A-6B5E-443D-B29C-2AAE0B41671E}
	EndGlobalSection
EndGlobal
