
Microsoft Visual Studio Solution File, Format Version 12.00
Project("{FAE04EC0-301F-11D3-BF4B-00C04F79EFBC}") = "CheckMade.Mobile.Startup", "Src\CheckMade.Mobile.Startup\CheckMade.Mobile.Startup.csproj", "{CE7EFAF9-C868-4DAF-933D-7120BF8AA7FE}"
EndProject
Project("{FAE04EC0-301F-11D3-BF4B-00C04F79EFBC}") = "CheckMade.Mobile.Android", "Src\CheckMade.Mobile.Android\CheckMade.Mobile.Android.csproj", "{A44DAC40-0F5F-45C3-8CF9-7A2287CF2EE1}"
EndProject
Project("{FAE04EC0-301F-11D3-BF4B-00C04F79EFBC}") = "CheckMade.Desktop.App", "Src\CheckMade.Desktop.App\CheckMade.Desktop.App.csproj", "{997AD6CD-5DB5-46E7-AB54-CA0F8226BB64}"
EndProject
Project("{FAE04EC0-301F-11D3-BF4B-00C04F79EFBC}") = "CheckMade.Mobile.iOS", "Src\CheckMade.Mobile.iOS\CheckMade.Mobile.iOS.csproj", "{F00AFF6F-2EEE-46D4-8E94-4D58B7A3551C}"
EndProject
Project("{2150E333-8FDC-42A3-9474-1A3956D46DE8}") = "SolutionItems", "SolutionItems", "{EC4575D6-D466-4C3F-B78C-4048E0B09498}"
	ProjectSection(SolutionItems) = preProject
		.gitignore = .gitignore
		Directory.Build.props = Directory.Build.props
		global.json = global.json
		version.txt = version.txt
		.github\workflows\fb_workflow.yml = .github\workflows\fb_workflow.yml
		.github\workflows\main_workflow.yml = .github\workflows\main_workflow.yml
		.github\workflows\parked_workflows.txt = .github\workflows\parked_workflows.txt
	EndProjectSection
EndProject
Project("{FAE04EC0-301F-11D3-BF4B-00C04F79EFBC}") = "CheckMade.Mobile.ViewModels", "Src\CheckMade.Mobile.ViewModels\CheckMade.Mobile.ViewModels.csproj", "{F8592897-CF33-4614-97B2-C0E16D406D3A}"
EndProject
Project("{FAE04EC0-301F-11D3-BF4B-00C04F79EFBC}") = "CheckMade.Mobile.Views", "Src\CheckMade.Mobile.Views\CheckMade.Mobile.Views.csproj", "{6CDFC990-05B6-43A4-B5A6-15B4524BA6F8}"
EndProject
Project("{FAE04EC0-301F-11D3-BF4B-00C04F79EFBC}") = "CheckMade.Desktop.Views", "Src\CheckMade.Desktop.Views\CheckMade.Desktop.Views.csproj", "{B52607A2-9E5F-436E-81A3-7999BE2DABBF}"
EndProject
Project("{FAE04EC0-301F-11D3-BF4B-00C04F79EFBC}") = "CheckMade.Desktop.ViewModels", "Src\CheckMade.Desktop.ViewModels\CheckMade.Desktop.ViewModels.csproj", "{012B9519-33F7-4AE1-A604-2CA3E54423CE}"
EndProject
Project("{FAE04EC0-301F-11D3-BF4B-00C04F79EFBC}") = "CheckMade.Telegram.FunctionApp", "Src\CheckMade.Telegram.FunctionApp\CheckMade.Telegram.FunctionApp.csproj", "{575C0F42-CB8A-4531-9150-20B7EE460676}"
EndProject
Global
	GlobalSection(SolutionConfigurationPlatforms) = preSolution
		Release_iOS|Any CPU = Release_iOS|Any CPU
		Release_Android|Any CPU = Release_Android|Any CPU
		Release_Desktop|Any CPU = Release_Desktop|Any CPU
		Debug_Non_iOS|Any CPU = Debug_Non_iOS|Any CPU
		Debug_iOS|Any CPU = Debug_iOS|Any CPU
		Debug_BackendOnly|Any CPU = Debug_BackendOnly|Any CPU
		Debug_Desktop|Any CPU = Debug_Desktop|Any CPU
		Debug_All|Any CPU = Debug_All|Any CPU
		Release_All|Any CPU = Release_All|Any CPU
	EndGlobalSection
	GlobalSection(ProjectConfigurationPlatforms) = postSolution
		{CE7EFAF9-C868-4DAF-933D-7120BF8AA7FE}.Release_iOS|Any CPU.ActiveCfg = Release_iOS|Any CPU
		{CE7EFAF9-C868-4DAF-933D-7120BF8AA7FE}.Release_iOS|Any CPU.Build.0 = Release_iOS|Any CPU
		{CE7EFAF9-C868-4DAF-933D-7120BF8AA7FE}.Release_Android|Any CPU.ActiveCfg = Release_Android|Any CPU
		{CE7EFAF9-C868-4DAF-933D-7120BF8AA7FE}.Release_Android|Any CPU.Build.0 = Release_Android|Any CPU
		{CE7EFAF9-C868-4DAF-933D-7120BF8AA7FE}.Release_Desktop|Any CPU.ActiveCfg = Release_Desktop|Any CPU
		{CE7EFAF9-C868-4DAF-933D-7120BF8AA7FE}.Debug_Non_iOS|Any CPU.ActiveCfg = Debug_Non_iOS|Any CPU
		{CE7EFAF9-C868-4DAF-933D-7120BF8AA7FE}.Debug_Non_iOS|Any CPU.Build.0 = Debug_Non_iOS|Any CPU
		{CE7EFAF9-C868-4DAF-933D-7120BF8AA7FE}.Debug_iOS|Any CPU.ActiveCfg = Debug_iOS|Any CPU
		{CE7EFAF9-C868-4DAF-933D-7120BF8AA7FE}.Debug_iOS|Any CPU.Build.0 = Debug_iOS|Any CPU
		{CE7EFAF9-C868-4DAF-933D-7120BF8AA7FE}.Debug_BackendOnly|Any CPU.ActiveCfg = Debug_BackendOnly|Any CPU
		{CE7EFAF9-C868-4DAF-933D-7120BF8AA7FE}.Debug_Desktop|Any CPU.ActiveCfg = Debug_Desktop|Any CPU
		{CE7EFAF9-C868-4DAF-933D-7120BF8AA7FE}.Debug_All|Any CPU.ActiveCfg = Debug_All|Any CPU
		{CE7EFAF9-C868-4DAF-933D-7120BF8AA7FE}.Debug_All|Any CPU.Build.0 = Debug_All|Any CPU
		{CE7EFAF9-C868-4DAF-933D-7120BF8AA7FE}.Release_All|Any CPU.ActiveCfg = Release_All|Any CPU
		{CE7EFAF9-C868-4DAF-933D-7120BF8AA7FE}.Release_All|Any CPU.Build.0 = Release_All|Any CPU
		{A44DAC40-0F5F-45C3-8CF9-7A2287CF2EE1}.Release_iOS|Any CPU.ActiveCfg = Release_iOS|Any CPU
		{A44DAC40-0F5F-45C3-8CF9-7A2287CF2EE1}.Release_Android|Any CPU.ActiveCfg = Release_Android|Any CPU
		{A44DAC40-0F5F-45C3-8CF9-7A2287CF2EE1}.Release_Android|Any CPU.Build.0 = Release_Android|Any CPU
		{A44DAC40-0F5F-45C3-8CF9-7A2287CF2EE1}.Release_Android|Any CPU.Deploy.0 = Release_Android|Any CPU
		{A44DAC40-0F5F-45C3-8CF9-7A2287CF2EE1}.Release_Desktop|Any CPU.ActiveCfg = Release_Desktop|Any CPU
		{A44DAC40-0F5F-45C3-8CF9-7A2287CF2EE1}.Debug_Non_iOS|Any CPU.ActiveCfg = Debug_Non_iOS|Any CPU
		{A44DAC40-0F5F-45C3-8CF9-7A2287CF2EE1}.Debug_Non_iOS|Any CPU.Build.0 = Debug_Non_iOS|Any CPU
		{A44DAC40-0F5F-45C3-8CF9-7A2287CF2EE1}.Debug_iOS|Any CPU.ActiveCfg = Debug_iOS|Any CPU
		{A44DAC40-0F5F-45C3-8CF9-7A2287CF2EE1}.Debug_BackendOnly|Any CPU.ActiveCfg = Debug_BackendOnly|Any CPU
		{A44DAC40-0F5F-45C3-8CF9-7A2287CF2EE1}.Debug_Desktop|Any CPU.ActiveCfg = Debug_Desktop|Any CPU
		{A44DAC40-0F5F-45C3-8CF9-7A2287CF2EE1}.Debug_All|Any CPU.ActiveCfg = Debug_All|Any CPU
		{A44DAC40-0F5F-45C3-8CF9-7A2287CF2EE1}.Debug_All|Any CPU.Build.0 = Debug_All|Any CPU
		{A44DAC40-0F5F-45C3-8CF9-7A2287CF2EE1}.Release_All|Any CPU.ActiveCfg = Release_All|Any CPU
		{A44DAC40-0F5F-45C3-8CF9-7A2287CF2EE1}.Release_All|Any CPU.Build.0 = Release_All|Any CPU
		{A44DAC40-0F5F-45C3-8CF9-7A2287CF2EE1}.Release_All|Any CPU.Deploy.0 = Release_All|Any CPU
		{997AD6CD-5DB5-46E7-AB54-CA0F8226BB64}.Release_iOS|Any CPU.ActiveCfg = Release_iOS|Any CPU
		{997AD6CD-5DB5-46E7-AB54-CA0F8226BB64}.Release_Android|Any CPU.ActiveCfg = Release_Android|Any CPU
		{997AD6CD-5DB5-46E7-AB54-CA0F8226BB64}.Release_Desktop|Any CPU.ActiveCfg = Release_Desktop|Any CPU
		{997AD6CD-5DB5-46E7-AB54-CA0F8226BB64}.Release_Desktop|Any CPU.Build.0 = Release_Desktop|Any CPU
		{997AD6CD-5DB5-46E7-AB54-CA0F8226BB64}.Release_Desktop|Any CPU.Deploy.0 = Release_Desktop|Any CPU
		{997AD6CD-5DB5-46E7-AB54-CA0F8226BB64}.Debug_Non_iOS|Any CPU.ActiveCfg = Debug_Non_iOS|Any CPU
		{997AD6CD-5DB5-46E7-AB54-CA0F8226BB64}.Debug_Non_iOS|Any CPU.Build.0 = Debug_Non_iOS|Any CPU
		{997AD6CD-5DB5-46E7-AB54-CA0F8226BB64}.Debug_iOS|Any CPU.ActiveCfg = Debug_iOS|Any CPU
		{997AD6CD-5DB5-46E7-AB54-CA0F8226BB64}.Debug_BackendOnly|Any CPU.ActiveCfg = Debug_BackendOnly|Any CPU
		{997AD6CD-5DB5-46E7-AB54-CA0F8226BB64}.Debug_Desktop|Any CPU.ActiveCfg = Debug_Desktop|Any CPU
		{997AD6CD-5DB5-46E7-AB54-CA0F8226BB64}.Debug_Desktop|Any CPU.Build.0 = Debug_Desktop|Any CPU
		{997AD6CD-5DB5-46E7-AB54-CA0F8226BB64}.Debug_All|Any CPU.ActiveCfg = Debug_All|Any CPU
		{997AD6CD-5DB5-46E7-AB54-CA0F8226BB64}.Debug_All|Any CPU.Build.0 = Debug_All|Any CPU
		{997AD6CD-5DB5-46E7-AB54-CA0F8226BB64}.Release_All|Any CPU.ActiveCfg = Release_All|Any CPU
		{997AD6CD-5DB5-46E7-AB54-CA0F8226BB64}.Release_All|Any CPU.Build.0 = Release_All|Any CPU
		{997AD6CD-5DB5-46E7-AB54-CA0F8226BB64}.Release_All|Any CPU.Deploy.0 = Release_All|Any CPU
		{F00AFF6F-2EEE-46D4-8E94-4D58B7A3551C}.Release_iOS|Any CPU.ActiveCfg = Release_iOS|Any CPU
		{F00AFF6F-2EEE-46D4-8E94-4D58B7A3551C}.Release_iOS|Any CPU.Build.0 = Release_iOS|Any CPU
		{F00AFF6F-2EEE-46D4-8E94-4D58B7A3551C}.Release_iOS|Any CPU.Deploy.0 = Release_iOS|Any CPU
		{F00AFF6F-2EEE-46D4-8E94-4D58B7A3551C}.Release_Android|Any CPU.ActiveCfg = Release_Android|Any CPU
		{F00AFF6F-2EEE-46D4-8E94-4D58B7A3551C}.Release_Desktop|Any CPU.ActiveCfg = Release_Desktop|Any CPU
		{F00AFF6F-2EEE-46D4-8E94-4D58B7A3551C}.Debug_Non_iOS|Any CPU.ActiveCfg = Debug_Non_iOS|Any CPU
		{F00AFF6F-2EEE-46D4-8E94-4D58B7A3551C}.Debug_iOS|Any CPU.ActiveCfg = Debug_iOS|Any CPU
		{F00AFF6F-2EEE-46D4-8E94-4D58B7A3551C}.Debug_iOS|Any CPU.Build.0 = Debug_iOS|Any CPU
		{F00AFF6F-2EEE-46D4-8E94-4D58B7A3551C}.Debug_BackendOnly|Any CPU.ActiveCfg = Debug_BackendOnly|Any CPU
		{F00AFF6F-2EEE-46D4-8E94-4D58B7A3551C}.Debug_Desktop|Any CPU.ActiveCfg = Debug_Desktop|Any CPU
		{F00AFF6F-2EEE-46D4-8E94-4D58B7A3551C}.Debug_All|Any CPU.ActiveCfg = Debug_All|Any CPU
		{F00AFF6F-2EEE-46D4-8E94-4D58B7A3551C}.Debug_All|Any CPU.Build.0 = Debug_All|Any CPU
		{F00AFF6F-2EEE-46D4-8E94-4D58B7A3551C}.Release_All|Any CPU.ActiveCfg = Release_All|Any CPU
		{F00AFF6F-2EEE-46D4-8E94-4D58B7A3551C}.Release_All|Any CPU.Build.0 = Release_All|Any CPU
		{F00AFF6F-2EEE-46D4-8E94-4D58B7A3551C}.Release_All|Any CPU.Deploy.0 = Release_All|Any CPU
		{F8592897-CF33-4614-97B2-C0E16D406D3A}.Release_iOS|Any CPU.ActiveCfg = Debug|Any CPU
		{F8592897-CF33-4614-97B2-C0E16D406D3A}.Release_iOS|Any CPU.Build.0 = Debug|Any CPU
		{F8592897-CF33-4614-97B2-C0E16D406D3A}.Release_Android|Any CPU.ActiveCfg = Debug|Any CPU
		{F8592897-CF33-4614-97B2-C0E16D406D3A}.Release_Android|Any CPU.Build.0 = Debug|Any CPU
		{F8592897-CF33-4614-97B2-C0E16D406D3A}.Release_Desktop|Any CPU.ActiveCfg = Debug|Any CPU
		{F8592897-CF33-4614-97B2-C0E16D406D3A}.Debug_Non_iOS|Any CPU.ActiveCfg = Debug|Any CPU
		{F8592897-CF33-4614-97B2-C0E16D406D3A}.Debug_Non_iOS|Any CPU.Build.0 = Debug|Any CPU
		{F8592897-CF33-4614-97B2-C0E16D406D3A}.Debug_iOS|Any CPU.ActiveCfg = Debug|Any CPU
		{F8592897-CF33-4614-97B2-C0E16D406D3A}.Debug_iOS|Any CPU.Build.0 = Debug|Any CPU
		{F8592897-CF33-4614-97B2-C0E16D406D3A}.Debug_BackendOnly|Any CPU.ActiveCfg = Debug|Any CPU
		{F8592897-CF33-4614-97B2-C0E16D406D3A}.Debug_BackendOnly|Any CPU.Build.0 = Debug|Any CPU
		{F8592897-CF33-4614-97B2-C0E16D406D3A}.Debug_Desktop|Any CPU.ActiveCfg = Debug_Desktop|Any CPU
		{F8592897-CF33-4614-97B2-C0E16D406D3A}.Debug_All|Any CPU.ActiveCfg = Debug_All|Any CPU
		{F8592897-CF33-4614-97B2-C0E16D406D3A}.Debug_All|Any CPU.Build.0 = Debug_All|Any CPU
		{F8592897-CF33-4614-97B2-C0E16D406D3A}.Release_All|Any CPU.ActiveCfg = Release_All|Any CPU
		{F8592897-CF33-4614-97B2-C0E16D406D3A}.Release_All|Any CPU.Build.0 = Release_All|Any CPU
		{6CDFC990-05B6-43A4-B5A6-15B4524BA6F8}.Release_iOS|Any CPU.ActiveCfg = Debug|Any CPU
		{6CDFC990-05B6-43A4-B5A6-15B4524BA6F8}.Release_iOS|Any CPU.Build.0 = Debug|Any CPU
		{6CDFC990-05B6-43A4-B5A6-15B4524BA6F8}.Release_Android|Any CPU.ActiveCfg = Debug|Any CPU
		{6CDFC990-05B6-43A4-B5A6-15B4524BA6F8}.Release_Android|Any CPU.Build.0 = Debug|Any CPU
		{6CDFC990-05B6-43A4-B5A6-15B4524BA6F8}.Release_Desktop|Any CPU.ActiveCfg = Debug|Any CPU
		{6CDFC990-05B6-43A4-B5A6-15B4524BA6F8}.Debug_Non_iOS|Any CPU.ActiveCfg = Debug|Any CPU
		{6CDFC990-05B6-43A4-B5A6-15B4524BA6F8}.Debug_Non_iOS|Any CPU.Build.0 = Debug|Any CPU
		{6CDFC990-05B6-43A4-B5A6-15B4524BA6F8}.Debug_iOS|Any CPU.ActiveCfg = Debug|Any CPU
		{6CDFC990-05B6-43A4-B5A6-15B4524BA6F8}.Debug_iOS|Any CPU.Build.0 = Debug|Any CPU
		{6CDFC990-05B6-43A4-B5A6-15B4524BA6F8}.Debug_BackendOnly|Any CPU.ActiveCfg = Debug|Any CPU
		{6CDFC990-05B6-43A4-B5A6-15B4524BA6F8}.Debug_Desktop|Any CPU.ActiveCfg = Debug_Desktop|Any CPU
		{6CDFC990-05B6-43A4-B5A6-15B4524BA6F8}.Debug_All|Any CPU.ActiveCfg = Debug_All|Any CPU
		{6CDFC990-05B6-43A4-B5A6-15B4524BA6F8}.Debug_All|Any CPU.Build.0 = Debug_All|Any CPU
		{6CDFC990-05B6-43A4-B5A6-15B4524BA6F8}.Release_All|Any CPU.ActiveCfg = Release_All|Any CPU
		{6CDFC990-05B6-43A4-B5A6-15B4524BA6F8}.Release_All|Any CPU.Build.0 = Release_All|Any CPU
		{B52607A2-9E5F-436E-81A3-7999BE2DABBF}.Release_iOS|Any CPU.ActiveCfg = Debug|Any CPU
		{B52607A2-9E5F-436E-81A3-7999BE2DABBF}.Release_Android|Any CPU.ActiveCfg = Debug|Any CPU
		{B52607A2-9E5F-436E-81A3-7999BE2DABBF}.Release_Desktop|Any CPU.ActiveCfg = Debug|Any CPU
		{B52607A2-9E5F-436E-81A3-7999BE2DABBF}.Release_Desktop|Any CPU.Build.0 = Debug|Any CPU
		{B52607A2-9E5F-436E-81A3-7999BE2DABBF}.Debug_Non_iOS|Any CPU.ActiveCfg = Debug|Any CPU
		{B52607A2-9E5F-436E-81A3-7999BE2DABBF}.Debug_Non_iOS|Any CPU.Build.0 = Debug|Any CPU
		{B52607A2-9E5F-436E-81A3-7999BE2DABBF}.Debug_iOS|Any CPU.ActiveCfg = Debug|Any CPU
		{B52607A2-9E5F-436E-81A3-7999BE2DABBF}.Debug_BackendOnly|Any CPU.ActiveCfg = Debug|Any CPU
		{B52607A2-9E5F-436E-81A3-7999BE2DABBF}.Debug_Desktop|Any CPU.ActiveCfg = Debug_Desktop|Any CPU
		{B52607A2-9E5F-436E-81A3-7999BE2DABBF}.Debug_Desktop|Any CPU.Build.0 = Debug_Desktop|Any CPU
		{B52607A2-9E5F-436E-81A3-7999BE2DABBF}.Debug_All|Any CPU.ActiveCfg = Debug_All|Any CPU
		{B52607A2-9E5F-436E-81A3-7999BE2DABBF}.Debug_All|Any CPU.Build.0 = Debug_All|Any CPU
		{B52607A2-9E5F-436E-81A3-7999BE2DABBF}.Release_All|Any CPU.ActiveCfg = Release_All|Any CPU
		{B52607A2-9E5F-436E-81A3-7999BE2DABBF}.Release_All|Any CPU.Build.0 = Release_All|Any CPU
		{012B9519-33F7-4AE1-A604-2CA3E54423CE}.Release_iOS|Any CPU.ActiveCfg = Debug|Any CPU
		{012B9519-33F7-4AE1-A604-2CA3E54423CE}.Release_Android|Any CPU.ActiveCfg = Debug|Any CPU
		{012B9519-33F7-4AE1-A604-2CA3E54423CE}.Release_Desktop|Any CPU.ActiveCfg = Debug|Any CPU
		{012B9519-33F7-4AE1-A604-2CA3E54423CE}.Release_Desktop|Any CPU.Build.0 = Debug|Any CPU
		{012B9519-33F7-4AE1-A604-2CA3E54423CE}.Debug_Non_iOS|Any CPU.ActiveCfg = Debug|Any CPU
		{012B9519-33F7-4AE1-A604-2CA3E54423CE}.Debug_Non_iOS|Any CPU.Build.0 = Debug|Any CPU
		{012B9519-33F7-4AE1-A604-2CA3E54423CE}.Debug_iOS|Any CPU.ActiveCfg = Debug|Any CPU
		{012B9519-33F7-4AE1-A604-2CA3E54423CE}.Debug_BackendOnly|Any CPU.ActiveCfg = Debug|Any CPU
		{012B9519-33F7-4AE1-A604-2CA3E54423CE}.Debug_BackendOnly|Any CPU.Build.0 = Debug|Any CPU
		{012B9519-33F7-4AE1-A604-2CA3E54423CE}.Debug_Desktop|Any CPU.ActiveCfg = Debug_Desktop|Any CPU
		{012B9519-33F7-4AE1-A604-2CA3E54423CE}.Debug_Desktop|Any CPU.Build.0 = Debug_Desktop|Any CPU
		{012B9519-33F7-4AE1-A604-2CA3E54423CE}.Debug_All|Any CPU.ActiveCfg = Debug_All|Any CPU
		{012B9519-33F7-4AE1-A604-2CA3E54423CE}.Debug_All|Any CPU.Build.0 = Debug_All|Any CPU
		{012B9519-33F7-4AE1-A604-2CA3E54423CE}.Release_All|Any CPU.ActiveCfg = Release_All|Any CPU
		{012B9519-33F7-4AE1-A604-2CA3E54423CE}.Release_All|Any CPU.Build.0 = Release_All|Any CPU
		{575C0F42-CB8A-4531-9150-20B7EE460676}.Release_iOS|Any CPU.ActiveCfg = Debug|Any CPU
		{575C0F42-CB8A-4531-9150-20B7EE460676}.Release_iOS|Any CPU.Build.0 = Debug|Any CPU
		{575C0F42-CB8A-4531-9150-20B7EE460676}.Release_Android|Any CPU.ActiveCfg = Debug|Any CPU
		{575C0F42-CB8A-4531-9150-20B7EE460676}.Release_Android|Any CPU.Build.0 = Debug|Any CPU
		{575C0F42-CB8A-4531-9150-20B7EE460676}.Release_Desktop|Any CPU.ActiveCfg = Debug|Any CPU
		{575C0F42-CB8A-4531-9150-20B7EE460676}.Release_Desktop|Any CPU.Build.0 = Debug|Any CPU
		{575C0F42-CB8A-4531-9150-20B7EE460676}.Debug_Non_iOS|Any CPU.ActiveCfg = Debug|Any CPU
		{575C0F42-CB8A-4531-9150-20B7EE460676}.Debug_Non_iOS|Any CPU.Build.0 = Debug|Any CPU
		{575C0F42-CB8A-4531-9150-20B7EE460676}.Debug_iOS|Any CPU.ActiveCfg = Debug|Any CPU
		{575C0F42-CB8A-4531-9150-20B7EE460676}.Debug_iOS|Any CPU.Build.0 = Debug|Any CPU
		{575C0F42-CB8A-4531-9150-20B7EE460676}.Debug_BackendOnly|Any CPU.ActiveCfg = Debug|Any CPU
		{575C0F42-CB8A-4531-9150-20B7EE460676}.Debug_BackendOnly|Any CPU.Build.0 = Debug|Any CPU
		{575C0F42-CB8A-4531-9150-20B7EE460676}.Debug_Desktop|Any CPU.ActiveCfg = Debug|Any CPU
		{575C0F42-CB8A-4531-9150-20B7EE460676}.Debug_Desktop|Any CPU.Build.0 = Debug|Any CPU
		{575C0F42-CB8A-4531-9150-20B7EE460676}.Debug_All|Any CPU.ActiveCfg = Debug|Any CPU
		{575C0F42-CB8A-4531-9150-20B7EE460676}.Debug_All|Any CPU.Build.0 = Debug|Any CPU
		{575C0F42-CB8A-4531-9150-20B7EE460676}.Release_All|Any CPU.ActiveCfg = Debug|Any CPU
		{575C0F42-CB8A-4531-9150-20B7EE460676}.Release_All|Any CPU.Build.0 = Debug|Any CPU
	EndGlobalSection
EndGlobal
